// !$*UTF8*$!
{
	archiveVersion = 1;
	classes = {
	};
	objectVersion = 46;
	objects = {

/* Begin PBXBuildFile section */
		DBEEB15116EFF4C000B2B426 /* QuartzCore.framework in Frameworks */ = {isa = PBXBuildFile; fileRef = DBEEB15016EFF4C000B2B426 /* QuartzCore.framework */; };
		DBEEB15316EFF4C000B2B426 /* OpenGLES.framework in Frameworks */ = {isa = PBXBuildFile; fileRef = DBEEB15216EFF4C000B2B426 /* OpenGLES.framework */; };
		DBEEB15516EFF4C000B2B426 /* OpenAL.framework in Frameworks */ = {isa = PBXBuildFile; fileRef = DBEEB15416EFF4C000B2B426 /* OpenAL.framework */; };
		DBEEB15716EFF4C000B2B426 /* AudioToolbox.framework in Frameworks */ = {isa = PBXBuildFile; fileRef = DBEEB15616EFF4C000B2B426 /* AudioToolbox.framework */; };
		DBEEB15916EFF4C000B2B426 /* AVFoundation.framework in Frameworks */ = {isa = PBXBuildFile; fileRef = DBEEB15816EFF4C000B2B426 /* AVFoundation.framework */; };
		DBEEB15B16EFF4C000B2B426 /* UIKit.framework in Frameworks */ = {isa = PBXBuildFile; fileRef = DBEEB15A16EFF4C000B2B426 /* UIKit.framework */; };
		DBEEB15D16EFF4C000B2B426 /* Foundation.framework in Frameworks */ = {isa = PBXBuildFile; fileRef = DBEEB15C16EFF4C000B2B426 /* Foundation.framework */; };
		DBEEB15F16EFF4C000B2B426 /* CoreGraphics.framework in Frameworks */ = {isa = PBXBuildFile; fileRef = DBEEB15E16EFF4C000B2B426 /* CoreGraphics.framework */; };
		DBEEB16116EFF4C000B2B426 /* GameKit.framework in Frameworks */ = {isa = PBXBuildFile; fileRef = DBEEB16016EFF4C000B2B426 /* GameKit.framework */; };
		DBEEB16516EFF4C000B2B426 /* Default.png in Resources */ = {isa = PBXBuildFile; fileRef = DBEEB16416EFF4C000B2B426 /* Default.png */; };
		DBEEB16716EFF4C000B2B426 /* fps_images.png in Resources */ = {isa = PBXBuildFile; fileRef = DBEEB16616EFF4C000B2B426 /* fps_images.png */; };
		DBEEB16916EFF4C000B2B426 /* fps_images-hd.png in Resources */ = {isa = PBXBuildFile; fileRef = DBEEB16816EFF4C000B2B426 /* fps_images-hd.png */; };
		DBEEB16B16EFF4C000B2B426 /* fps_images-ipadhd.png in Resources */ = {isa = PBXBuildFile; fileRef = DBEEB16A16EFF4C000B2B426 /* fps_images-ipadhd.png */; };
		DBEEB16D16EFF4C000B2B426 /* Icon-72.png in Resources */ = {isa = PBXBuildFile; fileRef = DBEEB16C16EFF4C000B2B426 /* Icon-72.png */; };
		DBEEB16F16EFF4C000B2B426 /* Icon-Small-50.png in Resources */ = {isa = PBXBuildFile; fileRef = DBEEB16E16EFF4C000B2B426 /* Icon-Small-50.png */; };
		DBEEB17116EFF4C000B2B426 /* Icon-Small.png in Resources */ = {isa = PBXBuildFile; fileRef = DBEEB17016EFF4C000B2B426 /* Icon-Small.png */; };
		DBEEB17316EFF4C000B2B426 /* Icon-Small@2x.png in Resources */ = {isa = PBXBuildFile; fileRef = DBEEB17216EFF4C000B2B426 /* Icon-Small@2x.png */; };
		DBEEB17516EFF4C000B2B426 /* Icon.png in Resources */ = {isa = PBXBuildFile; fileRef = DBEEB17416EFF4C000B2B426 /* Icon.png */; };
		DBEEB17716EFF4C000B2B426 /* Icon@2x.png in Resources */ = {isa = PBXBuildFile; fileRef = DBEEB17616EFF4C000B2B426 /* Icon@2x.png */; };
		DBEEB17A16EFF4C000B2B426 /* iTunesArtwork in Resources */ = {isa = PBXBuildFile; fileRef = DBEEB17916EFF4C000B2B426 /* iTunesArtwork */; };
		DBEEB17F16EFF4C000B2B426 /* CCAction.m in Sources */ = {isa = PBXBuildFile; fileRef = DBEEB17E16EFF4C000B2B426 /* CCAction.m */; };
		DBEEB18216EFF4C000B2B426 /* CCActionCamera.m in Sources */ = {isa = PBXBuildFile; fileRef = DBEEB18116EFF4C000B2B426 /* CCActionCamera.m */; };
		DBEEB18516EFF4C000B2B426 /* CCActionCatmullRom.m in Sources */ = {isa = PBXBuildFile; fileRef = DBEEB18416EFF4C000B2B426 /* CCActionCatmullRom.m */; };
		DBEEB18816EFF4C000B2B426 /* CCActionEase.m in Sources */ = {isa = PBXBuildFile; fileRef = DBEEB18716EFF4C000B2B426 /* CCActionEase.m */; };
		DBEEB18B16EFF4C000B2B426 /* CCActionGrid.m in Sources */ = {isa = PBXBuildFile; fileRef = DBEEB18A16EFF4C000B2B426 /* CCActionGrid.m */; };
		DBEEB18E16EFF4C000B2B426 /* CCActionGrid3D.m in Sources */ = {isa = PBXBuildFile; fileRef = DBEEB18D16EFF4C000B2B426 /* CCActionGrid3D.m */; };
		DBEEB19116EFF4C000B2B426 /* CCActionInstant.m in Sources */ = {isa = PBXBuildFile; fileRef = DBEEB19016EFF4C000B2B426 /* CCActionInstant.m */; };
		DBEEB19416EFF4C000B2B426 /* CCActionInterval.m in Sources */ = {isa = PBXBuildFile; fileRef = DBEEB19316EFF4C000B2B426 /* CCActionInterval.m */; };
		DBEEB19716EFF4C000B2B426 /* CCActionManager.m in Sources */ = {isa = PBXBuildFile; fileRef = DBEEB19616EFF4C000B2B426 /* CCActionManager.m */; };
		DBEEB19A16EFF4C000B2B426 /* CCActionPageTurn3D.m in Sources */ = {isa = PBXBuildFile; fileRef = DBEEB19916EFF4C000B2B426 /* CCActionPageTurn3D.m */; };
		DBEEB19D16EFF4C000B2B426 /* CCActionProgressTimer.m in Sources */ = {isa = PBXBuildFile; fileRef = DBEEB19C16EFF4C000B2B426 /* CCActionProgressTimer.m */; };
		DBEEB1A016EFF4C100B2B426 /* CCActionTiledGrid.m in Sources */ = {isa = PBXBuildFile; fileRef = DBEEB19F16EFF4C100B2B426 /* CCActionTiledGrid.m */; };
		DBEEB1A316EFF4C100B2B426 /* CCActionTween.m in Sources */ = {isa = PBXBuildFile; fileRef = DBEEB1A216EFF4C100B2B426 /* CCActionTween.m */; };
		DBEEB1A616EFF4C100B2B426 /* CCAnimation.m in Sources */ = {isa = PBXBuildFile; fileRef = DBEEB1A516EFF4C100B2B426 /* CCAnimation.m */; };
		DBEEB1A916EFF4C100B2B426 /* CCAnimationCache.m in Sources */ = {isa = PBXBuildFile; fileRef = DBEEB1A816EFF4C100B2B426 /* CCAnimationCache.m */; };
		DBEEB1AC16EFF4C100B2B426 /* CCAtlasNode.m in Sources */ = {isa = PBXBuildFile; fileRef = DBEEB1AB16EFF4C100B2B426 /* CCAtlasNode.m */; };
		DBEEB1AF16EFF4C100B2B426 /* CCCamera.m in Sources */ = {isa = PBXBuildFile; fileRef = DBEEB1AE16EFF4C100B2B426 /* CCCamera.m */; };
		DBEEB1B316EFF4C100B2B426 /* CCConfiguration.m in Sources */ = {isa = PBXBuildFile; fileRef = DBEEB1B216EFF4C100B2B426 /* CCConfiguration.m */; };
		DBEEB1B616EFF4C100B2B426 /* ccDeprecated.m in Sources */ = {isa = PBXBuildFile; fileRef = DBEEB1B516EFF4C100B2B426 /* ccDeprecated.m */; };
		DBEEB1B916EFF4C100B2B426 /* CCDirector.m in Sources */ = {isa = PBXBuildFile; fileRef = DBEEB1B816EFF4C100B2B426 /* CCDirector.m */; };
		DBEEB1BC16EFF4C100B2B426 /* CCDrawingPrimitives.m in Sources */ = {isa = PBXBuildFile; fileRef = DBEEB1BB16EFF4C100B2B426 /* CCDrawingPrimitives.m */; };
		DBEEB1BF16EFF4C100B2B426 /* CCGLProgram.m in Sources */ = {isa = PBXBuildFile; fileRef = DBEEB1BE16EFF4C100B2B426 /* CCGLProgram.m */; };
		DBEEB1C216EFF4C100B2B426 /* ccGLStateCache.m in Sources */ = {isa = PBXBuildFile; fileRef = DBEEB1C116EFF4C100B2B426 /* ccGLStateCache.m */; };
		DBEEB1C516EFF4C100B2B426 /* CCGrabber.m in Sources */ = {isa = PBXBuildFile; fileRef = DBEEB1C416EFF4C100B2B426 /* CCGrabber.m */; };
		DBEEB1C816EFF4C100B2B426 /* CCGrid.m in Sources */ = {isa = PBXBuildFile; fileRef = DBEEB1C716EFF4C100B2B426 /* CCGrid.m */; };
		DBEEB1CB16EFF4C100B2B426 /* CCLabelAtlas.m in Sources */ = {isa = PBXBuildFile; fileRef = DBEEB1CA16EFF4C100B2B426 /* CCLabelAtlas.m */; };
		DBEEB1CE16EFF4C100B2B426 /* CCLabelBMFont.m in Sources */ = {isa = PBXBuildFile; fileRef = DBEEB1CD16EFF4C100B2B426 /* CCLabelBMFont.m */; };
		DBEEB1D116EFF4C100B2B426 /* CCLabelTTF.m in Sources */ = {isa = PBXBuildFile; fileRef = DBEEB1D016EFF4C100B2B426 /* CCLabelTTF.m */; };
		DBEEB1D416EFF4C100B2B426 /* CCLayer.m in Sources */ = {isa = PBXBuildFile; fileRef = DBEEB1D316EFF4C100B2B426 /* CCLayer.m */; };
		DBEEB1D816EFF4C100B2B426 /* CCMenu.m in Sources */ = {isa = PBXBuildFile; fileRef = DBEEB1D716EFF4C100B2B426 /* CCMenu.m */; };
		DBEEB1DB16EFF4C100B2B426 /* CCMenuItem.m in Sources */ = {isa = PBXBuildFile; fileRef = DBEEB1DA16EFF4C100B2B426 /* CCMenuItem.m */; };
		DBEEB1DE16EFF4C100B2B426 /* CCMotionStreak.m in Sources */ = {isa = PBXBuildFile; fileRef = DBEEB1DD16EFF4C100B2B426 /* CCMotionStreak.m */; };
		DBEEB1E116EFF4C100B2B426 /* CCNode.m in Sources */ = {isa = PBXBuildFile; fileRef = DBEEB1E016EFF4C100B2B426 /* CCNode.m */; };
		DBEEB1E416EFF4C100B2B426 /* CCParallaxNode.m in Sources */ = {isa = PBXBuildFile; fileRef = DBEEB1E316EFF4C100B2B426 /* CCParallaxNode.m */; };
		DBEEB1E716EFF4C100B2B426 /* CCParticleBatchNode.m in Sources */ = {isa = PBXBuildFile; fileRef = DBEEB1E616EFF4C100B2B426 /* CCParticleBatchNode.m */; };
		DBEEB1EA16EFF4C100B2B426 /* CCParticleExamples.m in Sources */ = {isa = PBXBuildFile; fileRef = DBEEB1E916EFF4C100B2B426 /* CCParticleExamples.m */; };
		DBEEB1ED16EFF4C100B2B426 /* CCParticleSystem.m in Sources */ = {isa = PBXBuildFile; fileRef = DBEEB1EC16EFF4C100B2B426 /* CCParticleSystem.m */; };
		DBEEB1F016EFF4C100B2B426 /* CCParticleSystemQuad.m in Sources */ = {isa = PBXBuildFile; fileRef = DBEEB1EF16EFF4C100B2B426 /* CCParticleSystemQuad.m */; };
		DBEEB1F316EFF4C100B2B426 /* CCProgressTimer.m in Sources */ = {isa = PBXBuildFile; fileRef = DBEEB1F216EFF4C100B2B426 /* CCProgressTimer.m */; };
		DBEEB1F716EFF4C100B2B426 /* CCRenderTexture.m in Sources */ = {isa = PBXBuildFile; fileRef = DBEEB1F616EFF4C100B2B426 /* CCRenderTexture.m */; };
		DBEEB1FA16EFF4C100B2B426 /* CCScene.m in Sources */ = {isa = PBXBuildFile; fileRef = DBEEB1F916EFF4C100B2B426 /* CCScene.m */; };
		DBEEB1FD16EFF4C100B2B426 /* CCScheduler.m in Sources */ = {isa = PBXBuildFile; fileRef = DBEEB1FC16EFF4C100B2B426 /* CCScheduler.m */; };
		DBEEB20D16EFF4C100B2B426 /* CCShaderCache.m in Sources */ = {isa = PBXBuildFile; fileRef = DBEEB20C16EFF4C100B2B426 /* CCShaderCache.m */; };
		DBEEB21016EFF4C100B2B426 /* ccShaders.m in Sources */ = {isa = PBXBuildFile; fileRef = DBEEB20F16EFF4C100B2B426 /* ccShaders.m */; };
		DBEEB21316EFF4C100B2B426 /* CCSprite.m in Sources */ = {isa = PBXBuildFile; fileRef = DBEEB21216EFF4C100B2B426 /* CCSprite.m */; };
		DBEEB21616EFF4C100B2B426 /* CCSpriteBatchNode.m in Sources */ = {isa = PBXBuildFile; fileRef = DBEEB21516EFF4C100B2B426 /* CCSpriteBatchNode.m */; };
		DBEEB21916EFF4C100B2B426 /* CCSpriteFrame.m in Sources */ = {isa = PBXBuildFile; fileRef = DBEEB21816EFF4C100B2B426 /* CCSpriteFrame.m */; };
		DBEEB21C16EFF4C100B2B426 /* CCSpriteFrameCache.m in Sources */ = {isa = PBXBuildFile; fileRef = DBEEB21B16EFF4C100B2B426 /* CCSpriteFrameCache.m */; };
		DBEEB21F16EFF4C100B2B426 /* CCTexture2D.m in Sources */ = {isa = PBXBuildFile; fileRef = DBEEB21E16EFF4C100B2B426 /* CCTexture2D.m */; };
		DBEEB22216EFF4C100B2B426 /* CCTextureAtlas.m in Sources */ = {isa = PBXBuildFile; fileRef = DBEEB22116EFF4C100B2B426 /* CCTextureAtlas.m */; };
		DBEEB22516EFF4C200B2B426 /* CCTextureCache.m in Sources */ = {isa = PBXBuildFile; fileRef = DBEEB22416EFF4C200B2B426 /* CCTextureCache.m */; };
		DBEEB22816EFF4C200B2B426 /* CCTexturePVR.m in Sources */ = {isa = PBXBuildFile; fileRef = DBEEB22716EFF4C200B2B426 /* CCTexturePVR.m */; };
		DBEEB22B16EFF4C200B2B426 /* CCTileMapAtlas.m in Sources */ = {isa = PBXBuildFile; fileRef = DBEEB22A16EFF4C200B2B426 /* CCTileMapAtlas.m */; };
		DBEEB22E16EFF4C200B2B426 /* CCTMXLayer.m in Sources */ = {isa = PBXBuildFile; fileRef = DBEEB22D16EFF4C200B2B426 /* CCTMXLayer.m */; };
		DBEEB23116EFF4C200B2B426 /* CCTMXObjectGroup.m in Sources */ = {isa = PBXBuildFile; fileRef = DBEEB23016EFF4C200B2B426 /* CCTMXObjectGroup.m */; };
		DBEEB23416EFF4C200B2B426 /* CCTMXTiledMap.m in Sources */ = {isa = PBXBuildFile; fileRef = DBEEB23316EFF4C200B2B426 /* CCTMXTiledMap.m */; };
		DBEEB23716EFF4C200B2B426 /* CCTMXXMLParser.m in Sources */ = {isa = PBXBuildFile; fileRef = DBEEB23616EFF4C200B2B426 /* CCTMXXMLParser.m */; };
		DBEEB23A16EFF4C200B2B426 /* CCTransition.m in Sources */ = {isa = PBXBuildFile; fileRef = DBEEB23916EFF4C200B2B426 /* CCTransition.m */; };
		DBEEB23D16EFF4C200B2B426 /* CCTransitionPageTurn.m in Sources */ = {isa = PBXBuildFile; fileRef = DBEEB23C16EFF4C200B2B426 /* CCTransitionPageTurn.m */; };
		DBEEB24016EFF4C200B2B426 /* CCTransitionProgress.m in Sources */ = {isa = PBXBuildFile; fileRef = DBEEB23F16EFF4C200B2B426 /* CCTransitionProgress.m */; };
		DBEEB24416EFF4C200B2B426 /* cocos2d.m in Sources */ = {isa = PBXBuildFile; fileRef = DBEEB24316EFF4C200B2B426 /* cocos2d.m */; };
		DBEEB24B16EFF4C200B2B426 /* CCDirectorIOS.m in Sources */ = {isa = PBXBuildFile; fileRef = DBEEB24A16EFF4C200B2B426 /* CCDirectorIOS.m */; };
		DBEEB24E16EFF4C200B2B426 /* CCES2Renderer.m in Sources */ = {isa = PBXBuildFile; fileRef = DBEEB24D16EFF4C200B2B426 /* CCES2Renderer.m */; };
		DBEEB25216EFF4C200B2B426 /* CCGLView.m in Sources */ = {isa = PBXBuildFile; fileRef = DBEEB25116EFF4C200B2B426 /* CCGLView.m */; };
		DBEEB25616EFF4C200B2B426 /* CCTouchDispatcher.m in Sources */ = {isa = PBXBuildFile; fileRef = DBEEB25516EFF4C200B2B426 /* CCTouchDispatcher.m */; };
		DBEEB25916EFF4C200B2B426 /* CCTouchHandler.m in Sources */ = {isa = PBXBuildFile; fileRef = DBEEB25816EFF4C200B2B426 /* CCTouchHandler.m */; };
		DBEEB25D16EFF4C200B2B426 /* CCDirectorMac.m in Sources */ = {isa = PBXBuildFile; fileRef = DBEEB25C16EFF4C200B2B426 /* CCDirectorMac.m */; };
		DBEEB26016EFF4C200B2B426 /* CCEventDispatcher.m in Sources */ = {isa = PBXBuildFile; fileRef = DBEEB25F16EFF4C200B2B426 /* CCEventDispatcher.m */; };
		DBEEB26316EFF4C200B2B426 /* CCGLView.m in Sources */ = {isa = PBXBuildFile; fileRef = DBEEB26216EFF4C200B2B426 /* CCGLView.m */; };
		DBEEB26616EFF4C200B2B426 /* CCWindow.m in Sources */ = {isa = PBXBuildFile; fileRef = DBEEB26516EFF4C200B2B426 /* CCWindow.m */; };
		DBEEB26916EFF4C200B2B426 /* base64.c in Sources */ = {isa = PBXBuildFile; fileRef = DBEEB26816EFF4C200B2B426 /* base64.c */; };
		DBEEB26D16EFF4C200B2B426 /* CCArray.m in Sources */ = {isa = PBXBuildFile; fileRef = DBEEB26C16EFF4C200B2B426 /* CCArray.m */; };
		DBEEB27116EFF4C200B2B426 /* CCFileUtils.m in Sources */ = {isa = PBXBuildFile; fileRef = DBEEB27016EFF4C200B2B426 /* CCFileUtils.m */; };
		DBEEB27416EFF4C200B2B426 /* CCProfiling.m in Sources */ = {isa = PBXBuildFile; fileRef = DBEEB27316EFF4C200B2B426 /* CCProfiling.m */; };
		DBEEB27616EFF4C200B2B426 /* ccUtils.c in Sources */ = {isa = PBXBuildFile; fileRef = DBEEB27516EFF4C200B2B426 /* ccUtils.c */; };
		DBEEB27A16EFF4C200B2B426 /* CCVertex.m in Sources */ = {isa = PBXBuildFile; fileRef = DBEEB27916EFF4C200B2B426 /* CCVertex.m */; };
		DBEEB27D16EFF4C200B2B426 /* CGPointExtension.m in Sources */ = {isa = PBXBuildFile; fileRef = DBEEB27C16EFF4C200B2B426 /* CGPointExtension.m */; };
		DBEEB28016EFF4C200B2B426 /* NSThread+performBlock.m in Sources */ = {isa = PBXBuildFile; fileRef = DBEEB27F16EFF4C200B2B426 /* NSThread+performBlock.m */; };
		DBEEB28416EFF4C200B2B426 /* TGAlib.m in Sources */ = {isa = PBXBuildFile; fileRef = DBEEB28316EFF4C200B2B426 /* TGAlib.m */; };
		DBEEB28716EFF4C200B2B426 /* TransformUtils.m in Sources */ = {isa = PBXBuildFile; fileRef = DBEEB28616EFF4C200B2B426 /* TransformUtils.m */; };
		DBEEB28C16EFF4C200B2B426 /* ZipUtils.m in Sources */ = {isa = PBXBuildFile; fileRef = DBEEB28B16EFF4C200B2B426 /* ZipUtils.m */; };
		DBEEB29116EFF4C200B2B426 /* CDAudioManager.m in Sources */ = {isa = PBXBuildFile; fileRef = DBEEB29016EFF4C200B2B426 /* CDAudioManager.m */; };
		DBEEB29516EFF4C200B2B426 /* CDOpenALSupport.m in Sources */ = {isa = PBXBuildFile; fileRef = DBEEB29416EFF4C200B2B426 /* CDOpenALSupport.m */; };
		DBEEB29816EFF4C200B2B426 /* CocosDenshion.m in Sources */ = {isa = PBXBuildFile; fileRef = DBEEB29716EFF4C200B2B426 /* CocosDenshion.m */; };
		DBEEB29B16EFF4C200B2B426 /* SimpleAudioEngine.m in Sources */ = {isa = PBXBuildFile; fileRef = DBEEB29A16EFF4C200B2B426 /* SimpleAudioEngine.m */; };
		DBEEB2B116EFF4C300B2B426 /* aabb.c in Sources */ = {isa = PBXBuildFile; fileRef = DBEEB2B016EFF4C300B2B426 /* aabb.c */; };
		DBEEB2B316EFF4C300B2B426 /* ChangeLog in Resources */ = {isa = PBXBuildFile; fileRef = DBEEB2B216EFF4C300B2B426 /* ChangeLog */; };
		DBEEB2B716EFF4C300B2B426 /* mat4stack.c in Sources */ = {isa = PBXBuildFile; fileRef = DBEEB2B616EFF4C300B2B426 /* mat4stack.c */; };
		DBEEB2B916EFF4C300B2B426 /* matrix.c in Sources */ = {isa = PBXBuildFile; fileRef = DBEEB2B816EFF4C300B2B426 /* matrix.c */; };
		DBEEB2BB16EFF4C300B2B426 /* mat3.c in Sources */ = {isa = PBXBuildFile; fileRef = DBEEB2BA16EFF4C300B2B426 /* mat3.c */; };
		DBEEB2BD16EFF4C300B2B426 /* mat4.c in Sources */ = {isa = PBXBuildFile; fileRef = DBEEB2BC16EFF4C300B2B426 /* mat4.c */; };
		DBEEB2BF16EFF4C300B2B426 /* neon_matrix_impl.c in Sources */ = {isa = PBXBuildFile; fileRef = DBEEB2BE16EFF4C300B2B426 /* neon_matrix_impl.c */; };
		DBEEB2C116EFF4C300B2B426 /* plane.c in Sources */ = {isa = PBXBuildFile; fileRef = DBEEB2C016EFF4C300B2B426 /* plane.c */; };
		DBEEB2C316EFF4C300B2B426 /* quaternion.c in Sources */ = {isa = PBXBuildFile; fileRef = DBEEB2C216EFF4C300B2B426 /* quaternion.c */; };
		DBEEB2C516EFF4C300B2B426 /* ray2.c in Sources */ = {isa = PBXBuildFile; fileRef = DBEEB2C416EFF4C300B2B426 /* ray2.c */; };
		DBEEB2C716EFF4C300B2B426 /* utility.c in Sources */ = {isa = PBXBuildFile; fileRef = DBEEB2C616EFF4C300B2B426 /* utility.c */; };
		DBEEB2C916EFF4C300B2B426 /* vec2.c in Sources */ = {isa = PBXBuildFile; fileRef = DBEEB2C816EFF4C300B2B426 /* vec2.c */; };
		DBEEB2CB16EFF4C300B2B426 /* vec3.c in Sources */ = {isa = PBXBuildFile; fileRef = DBEEB2CA16EFF4C300B2B426 /* vec3.c */; };
		DBEEB2CD16EFF4C300B2B426 /* vec4.c in Sources */ = {isa = PBXBuildFile; fileRef = DBEEB2CC16EFF4C300B2B426 /* vec4.c */; };
		DBEEB2D216EFF4C300B2B426 /* main.m in Sources */ = {isa = PBXBuildFile; fileRef = DBEEB2D116EFF4C300B2B426 /* main.m */; };
		DBEEB2D516EFF4C300B2B426 /* AppDelegate.m in Sources */ = {isa = PBXBuildFile; fileRef = DBEEB2D416EFF4C300B2B426 /* AppDelegate.m */; };
		DBEEB2D816EFF4C300B2B426 /* HelloWorldLayer.m in Sources */ = {isa = PBXBuildFile; fileRef = DBEEB2D716EFF4C300B2B426 /* HelloWorldLayer.m */; };
/* End PBXBuildFile section */

/* Begin PBXFileReference section */
		DBEEB14D16EFF4C000B2B426 /* ReColoredSprite.app */ = {isa = PBXFileReference; explicitFileType = wrapper.application; includeInIndex = 0; path = ReColoredSprite.app; sourceTree = BUILT_PRODUCTS_DIR; };
		DBEEB15016EFF4C000B2B426 /* QuartzCore.framework */ = {isa = PBXFileReference; lastKnownFileType = wrapper.framework; name = QuartzCore.framework; path = System/Library/Frameworks/QuartzCore.framework; sourceTree = SDKROOT; };
		DBEEB15216EFF4C000B2B426 /* OpenGLES.framework */ = {isa = PBXFileReference; lastKnownFileType = wrapper.framework; name = OpenGLES.framework; path = System/Library/Frameworks/OpenGLES.framework; sourceTree = SDKROOT; };
		DBEEB15416EFF4C000B2B426 /* OpenAL.framework */ = {isa = PBXFileReference; lastKnownFileType = wrapper.framework; name = OpenAL.framework; path = System/Library/Frameworks/OpenAL.framework; sourceTree = SDKROOT; };
		DBEEB15616EFF4C000B2B426 /* AudioToolbox.framework */ = {isa = PBXFileReference; lastKnownFileType = wrapper.framework; name = AudioToolbox.framework; path = System/Library/Frameworks/AudioToolbox.framework; sourceTree = SDKROOT; };
		DBEEB15816EFF4C000B2B426 /* AVFoundation.framework */ = {isa = PBXFileReference; lastKnownFileType = wrapper.framework; name = AVFoundation.framework; path = System/Library/Frameworks/AVFoundation.framework; sourceTree = SDKROOT; };
		DBEEB15A16EFF4C000B2B426 /* UIKit.framework */ = {isa = PBXFileReference; lastKnownFileType = wrapper.framework; name = UIKit.framework; path = System/Library/Frameworks/UIKit.framework; sourceTree = SDKROOT; };
		DBEEB15C16EFF4C000B2B426 /* Foundation.framework */ = {isa = PBXFileReference; lastKnownFileType = wrapper.framework; name = Foundation.framework; path = System/Library/Frameworks/Foundation.framework; sourceTree = SDKROOT; };
		DBEEB15E16EFF4C000B2B426 /* CoreGraphics.framework */ = {isa = PBXFileReference; lastKnownFileType = wrapper.framework; name = CoreGraphics.framework; path = System/Library/Frameworks/CoreGraphics.framework; sourceTree = SDKROOT; };
		DBEEB16016EFF4C000B2B426 /* GameKit.framework */ = {isa = PBXFileReference; lastKnownFileType = wrapper.framework; name = GameKit.framework; path = System/Library/Frameworks/GameKit.framework; sourceTree = SDKROOT; };
		DBEEB16416EFF4C000B2B426 /* Default.png */ = {isa = PBXFileReference; lastKnownFileType = image.png; name = Default.png; path = Resources/Default.png; sourceTree = "<group>"; };
		DBEEB16616EFF4C000B2B426 /* fps_images.png */ = {isa = PBXFileReference; lastKnownFileType = image.png; name = fps_images.png; path = Resources/fps_images.png; sourceTree = "<group>"; };
		DBEEB16816EFF4C000B2B426 /* fps_images-hd.png */ = {isa = PBXFileReference; lastKnownFileType = image.png; name = "fps_images-hd.png"; path = "Resources/fps_images-hd.png"; sourceTree = "<group>"; };
		DBEEB16A16EFF4C000B2B426 /* fps_images-ipadhd.png */ = {isa = PBXFileReference; lastKnownFileType = image.png; name = "fps_images-ipadhd.png"; path = "Resources/fps_images-ipadhd.png"; sourceTree = "<group>"; };
		DBEEB16C16EFF4C000B2B426 /* Icon-72.png */ = {isa = PBXFileReference; lastKnownFileType = image.png; name = "Icon-72.png"; path = "Resources/Icon-72.png"; sourceTree = "<group>"; };
		DBEEB16E16EFF4C000B2B426 /* Icon-Small-50.png */ = {isa = PBXFileReference; lastKnownFileType = image.png; name = "Icon-Small-50.png"; path = "Resources/Icon-Small-50.png"; sourceTree = "<group>"; };
		DBEEB17016EFF4C000B2B426 /* Icon-Small.png */ = {isa = PBXFileReference; lastKnownFileType = image.png; name = "Icon-Small.png"; path = "Resources/Icon-Small.png"; sourceTree = "<group>"; };
		DBEEB17216EFF4C000B2B426 /* Icon-Small@2x.png */ = {isa = PBXFileReference; lastKnownFileType = image.png; name = "Icon-Small@2x.png"; path = "Resources/Icon-Small@2x.png"; sourceTree = "<group>"; };
		DBEEB17416EFF4C000B2B426 /* Icon.png */ = {isa = PBXFileReference; lastKnownFileType = image.png; name = Icon.png; path = Resources/Icon.png; sourceTree = "<group>"; };
		DBEEB17616EFF4C000B2B426 /* Icon@2x.png */ = {isa = PBXFileReference; lastKnownFileType = image.png; name = "Icon@2x.png"; path = "Resources/Icon@2x.png"; sourceTree = "<group>"; };
		DBEEB17816EFF4C000B2B426 /* Info.plist */ = {isa = PBXFileReference; lastKnownFileType = text.plist.xml; name = Info.plist; path = Resources/Info.plist; sourceTree = "<group>"; };
		DBEEB17916EFF4C000B2B426 /* iTunesArtwork */ = {isa = PBXFileReference; lastKnownFileType = file; name = iTunesArtwork; path = Resources/iTunesArtwork; sourceTree = "<group>"; };
		DBEEB17D16EFF4C000B2B426 /* CCAction.h */ = {isa = PBXFileReference; lastKnownFileType = sourcecode.c.h; name = CCAction.h; path = libs/cocos2d/CCAction.h; sourceTree = "<group>"; };
		DBEEB17E16EFF4C000B2B426 /* CCAction.m */ = {isa = PBXFileReference; lastKnownFileType = sourcecode.c.objc; name = CCAction.m; path = libs/cocos2d/CCAction.m; sourceTree = "<group>"; };
		DBEEB18016EFF4C000B2B426 /* CCActionCamera.h */ = {isa = PBXFileReference; lastKnownFileType = sourcecode.c.h; name = CCActionCamera.h; path = libs/cocos2d/CCActionCamera.h; sourceTree = "<group>"; };
		DBEEB18116EFF4C000B2B426 /* CCActionCamera.m */ = {isa = PBXFileReference; lastKnownFileType = sourcecode.c.objc; name = CCActionCamera.m; path = libs/cocos2d/CCActionCamera.m; sourceTree = "<group>"; };
		DBEEB18316EFF4C000B2B426 /* CCActionCatmullRom.h */ = {isa = PBXFileReference; lastKnownFileType = sourcecode.c.h; name = CCActionCatmullRom.h; path = libs/cocos2d/CCActionCatmullRom.h; sourceTree = "<group>"; };
		DBEEB18416EFF4C000B2B426 /* CCActionCatmullRom.m */ = {isa = PBXFileReference; lastKnownFileType = sourcecode.c.objc; name = CCActionCatmullRom.m; path = libs/cocos2d/CCActionCatmullRom.m; sourceTree = "<group>"; };
		DBEEB18616EFF4C000B2B426 /* CCActionEase.h */ = {isa = PBXFileReference; lastKnownFileType = sourcecode.c.h; name = CCActionEase.h; path = libs/cocos2d/CCActionEase.h; sourceTree = "<group>"; };
		DBEEB18716EFF4C000B2B426 /* CCActionEase.m */ = {isa = PBXFileReference; lastKnownFileType = sourcecode.c.objc; name = CCActionEase.m; path = libs/cocos2d/CCActionEase.m; sourceTree = "<group>"; };
		DBEEB18916EFF4C000B2B426 /* CCActionGrid.h */ = {isa = PBXFileReference; lastKnownFileType = sourcecode.c.h; name = CCActionGrid.h; path = libs/cocos2d/CCActionGrid.h; sourceTree = "<group>"; };
		DBEEB18A16EFF4C000B2B426 /* CCActionGrid.m */ = {isa = PBXFileReference; lastKnownFileType = sourcecode.c.objc; name = CCActionGrid.m; path = libs/cocos2d/CCActionGrid.m; sourceTree = "<group>"; };
		DBEEB18C16EFF4C000B2B426 /* CCActionGrid3D.h */ = {isa = PBXFileReference; lastKnownFileType = sourcecode.c.h; name = CCActionGrid3D.h; path = libs/cocos2d/CCActionGrid3D.h; sourceTree = "<group>"; };
		DBEEB18D16EFF4C000B2B426 /* CCActionGrid3D.m */ = {isa = PBXFileReference; lastKnownFileType = sourcecode.c.objc; name = CCActionGrid3D.m; path = libs/cocos2d/CCActionGrid3D.m; sourceTree = "<group>"; };
		DBEEB18F16EFF4C000B2B426 /* CCActionInstant.h */ = {isa = PBXFileReference; lastKnownFileType = sourcecode.c.h; name = CCActionInstant.h; path = libs/cocos2d/CCActionInstant.h; sourceTree = "<group>"; };
		DBEEB19016EFF4C000B2B426 /* CCActionInstant.m */ = {isa = PBXFileReference; lastKnownFileType = sourcecode.c.objc; name = CCActionInstant.m; path = libs/cocos2d/CCActionInstant.m; sourceTree = "<group>"; };
		DBEEB19216EFF4C000B2B426 /* CCActionInterval.h */ = {isa = PBXFileReference; lastKnownFileType = sourcecode.c.h; name = CCActionInterval.h; path = libs/cocos2d/CCActionInterval.h; sourceTree = "<group>"; };
		DBEEB19316EFF4C000B2B426 /* CCActionInterval.m */ = {isa = PBXFileReference; lastKnownFileType = sourcecode.c.objc; name = CCActionInterval.m; path = libs/cocos2d/CCActionInterval.m; sourceTree = "<group>"; };
		DBEEB19516EFF4C000B2B426 /* CCActionManager.h */ = {isa = PBXFileReference; lastKnownFileType = sourcecode.c.h; name = CCActionManager.h; path = libs/cocos2d/CCActionManager.h; sourceTree = "<group>"; };
		DBEEB19616EFF4C000B2B426 /* CCActionManager.m */ = {isa = PBXFileReference; lastKnownFileType = sourcecode.c.objc; name = CCActionManager.m; path = libs/cocos2d/CCActionManager.m; sourceTree = "<group>"; };
		DBEEB19816EFF4C000B2B426 /* CCActionPageTurn3D.h */ = {isa = PBXFileReference; lastKnownFileType = sourcecode.c.h; name = CCActionPageTurn3D.h; path = libs/cocos2d/CCActionPageTurn3D.h; sourceTree = "<group>"; };
		DBEEB19916EFF4C000B2B426 /* CCActionPageTurn3D.m */ = {isa = PBXFileReference; lastKnownFileType = sourcecode.c.objc; name = CCActionPageTurn3D.m; path = libs/cocos2d/CCActionPageTurn3D.m; sourceTree = "<group>"; };
		DBEEB19B16EFF4C000B2B426 /* CCActionProgressTimer.h */ = {isa = PBXFileReference; lastKnownFileType = sourcecode.c.h; name = CCActionProgressTimer.h; path = libs/cocos2d/CCActionProgressTimer.h; sourceTree = "<group>"; };
		DBEEB19C16EFF4C000B2B426 /* CCActionProgressTimer.m */ = {isa = PBXFileReference; lastKnownFileType = sourcecode.c.objc; name = CCActionProgressTimer.m; path = libs/cocos2d/CCActionProgressTimer.m; sourceTree = "<group>"; };
		DBEEB19E16EFF4C000B2B426 /* CCActionTiledGrid.h */ = {isa = PBXFileReference; lastKnownFileType = sourcecode.c.h; name = CCActionTiledGrid.h; path = libs/cocos2d/CCActionTiledGrid.h; sourceTree = "<group>"; };
		DBEEB19F16EFF4C100B2B426 /* CCActionTiledGrid.m */ = {isa = PBXFileReference; lastKnownFileType = sourcecode.c.objc; name = CCActionTiledGrid.m; path = libs/cocos2d/CCActionTiledGrid.m; sourceTree = "<group>"; };
		DBEEB1A116EFF4C100B2B426 /* CCActionTween.h */ = {isa = PBXFileReference; lastKnownFileType = sourcecode.c.h; name = CCActionTween.h; path = libs/cocos2d/CCActionTween.h; sourceTree = "<group>"; };
		DBEEB1A216EFF4C100B2B426 /* CCActionTween.m */ = {isa = PBXFileReference; lastKnownFileType = sourcecode.c.objc; name = CCActionTween.m; path = libs/cocos2d/CCActionTween.m; sourceTree = "<group>"; };
		DBEEB1A416EFF4C100B2B426 /* CCAnimation.h */ = {isa = PBXFileReference; lastKnownFileType = sourcecode.c.h; name = CCAnimation.h; path = libs/cocos2d/CCAnimation.h; sourceTree = "<group>"; };
		DBEEB1A516EFF4C100B2B426 /* CCAnimation.m */ = {isa = PBXFileReference; lastKnownFileType = sourcecode.c.objc; name = CCAnimation.m; path = libs/cocos2d/CCAnimation.m; sourceTree = "<group>"; };
		DBEEB1A716EFF4C100B2B426 /* CCAnimationCache.h */ = {isa = PBXFileReference; lastKnownFileType = sourcecode.c.h; name = CCAnimationCache.h; path = libs/cocos2d/CCAnimationCache.h; sourceTree = "<group>"; };
		DBEEB1A816EFF4C100B2B426 /* CCAnimationCache.m */ = {isa = PBXFileReference; lastKnownFileType = sourcecode.c.objc; name = CCAnimationCache.m; path = libs/cocos2d/CCAnimationCache.m; sourceTree = "<group>"; };
		DBEEB1AA16EFF4C100B2B426 /* CCAtlasNode.h */ = {isa = PBXFileReference; lastKnownFileType = sourcecode.c.h; name = CCAtlasNode.h; path = libs/cocos2d/CCAtlasNode.h; sourceTree = "<group>"; };
		DBEEB1AB16EFF4C100B2B426 /* CCAtlasNode.m */ = {isa = PBXFileReference; lastKnownFileType = sourcecode.c.objc; name = CCAtlasNode.m; path = libs/cocos2d/CCAtlasNode.m; sourceTree = "<group>"; };
		DBEEB1AD16EFF4C100B2B426 /* CCCamera.h */ = {isa = PBXFileReference; lastKnownFileType = sourcecode.c.h; name = CCCamera.h; path = libs/cocos2d/CCCamera.h; sourceTree = "<group>"; };
		DBEEB1AE16EFF4C100B2B426 /* CCCamera.m */ = {isa = PBXFileReference; lastKnownFileType = sourcecode.c.objc; name = CCCamera.m; path = libs/cocos2d/CCCamera.m; sourceTree = "<group>"; };
		DBEEB1B016EFF4C100B2B426 /* ccConfig.h */ = {isa = PBXFileReference; lastKnownFileType = sourcecode.c.h; name = ccConfig.h; path = libs/cocos2d/ccConfig.h; sourceTree = "<group>"; };
		DBEEB1B116EFF4C100B2B426 /* CCConfiguration.h */ = {isa = PBXFileReference; lastKnownFileType = sourcecode.c.h; name = CCConfiguration.h; path = libs/cocos2d/CCConfiguration.h; sourceTree = "<group>"; };
		DBEEB1B216EFF4C100B2B426 /* CCConfiguration.m */ = {isa = PBXFileReference; lastKnownFileType = sourcecode.c.objc; name = CCConfiguration.m; path = libs/cocos2d/CCConfiguration.m; sourceTree = "<group>"; };
		DBEEB1B416EFF4C100B2B426 /* ccDeprecated.h */ = {isa = PBXFileReference; lastKnownFileType = sourcecode.c.h; name = ccDeprecated.h; path = libs/cocos2d/ccDeprecated.h; sourceTree = "<group>"; };
		DBEEB1B516EFF4C100B2B426 /* ccDeprecated.m */ = {isa = PBXFileReference; lastKnownFileType = sourcecode.c.objc; name = ccDeprecated.m; path = libs/cocos2d/ccDeprecated.m; sourceTree = "<group>"; };
		DBEEB1B716EFF4C100B2B426 /* CCDirector.h */ = {isa = PBXFileReference; lastKnownFileType = sourcecode.c.h; name = CCDirector.h; path = libs/cocos2d/CCDirector.h; sourceTree = "<group>"; };
		DBEEB1B816EFF4C100B2B426 /* CCDirector.m */ = {isa = PBXFileReference; lastKnownFileType = sourcecode.c.objc; name = CCDirector.m; path = libs/cocos2d/CCDirector.m; sourceTree = "<group>"; };
		DBEEB1BA16EFF4C100B2B426 /* CCDrawingPrimitives.h */ = {isa = PBXFileReference; lastKnownFileType = sourcecode.c.h; name = CCDrawingPrimitives.h; path = libs/cocos2d/CCDrawingPrimitives.h; sourceTree = "<group>"; };
		DBEEB1BB16EFF4C100B2B426 /* CCDrawingPrimitives.m */ = {isa = PBXFileReference; lastKnownFileType = sourcecode.c.objc; name = CCDrawingPrimitives.m; path = libs/cocos2d/CCDrawingPrimitives.m; sourceTree = "<group>"; };
		DBEEB1BD16EFF4C100B2B426 /* CCGLProgram.h */ = {isa = PBXFileReference; lastKnownFileType = sourcecode.c.h; name = CCGLProgram.h; path = libs/cocos2d/CCGLProgram.h; sourceTree = "<group>"; };
		DBEEB1BE16EFF4C100B2B426 /* CCGLProgram.m */ = {isa = PBXFileReference; lastKnownFileType = sourcecode.c.objc; name = CCGLProgram.m; path = libs/cocos2d/CCGLProgram.m; sourceTree = "<group>"; };
		DBEEB1C016EFF4C100B2B426 /* ccGLStateCache.h */ = {isa = PBXFileReference; lastKnownFileType = sourcecode.c.h; name = ccGLStateCache.h; path = libs/cocos2d/ccGLStateCache.h; sourceTree = "<group>"; };
		DBEEB1C116EFF4C100B2B426 /* ccGLStateCache.m */ = {isa = PBXFileReference; lastKnownFileType = sourcecode.c.objc; name = ccGLStateCache.m; path = libs/cocos2d/ccGLStateCache.m; sourceTree = "<group>"; };
		DBEEB1C316EFF4C100B2B426 /* CCGrabber.h */ = {isa = PBXFileReference; lastKnownFileType = sourcecode.c.h; name = CCGrabber.h; path = libs/cocos2d/CCGrabber.h; sourceTree = "<group>"; };
		DBEEB1C416EFF4C100B2B426 /* CCGrabber.m */ = {isa = PBXFileReference; lastKnownFileType = sourcecode.c.objc; name = CCGrabber.m; path = libs/cocos2d/CCGrabber.m; sourceTree = "<group>"; };
		DBEEB1C616EFF4C100B2B426 /* CCGrid.h */ = {isa = PBXFileReference; lastKnownFileType = sourcecode.c.h; name = CCGrid.h; path = libs/cocos2d/CCGrid.h; sourceTree = "<group>"; };
		DBEEB1C716EFF4C100B2B426 /* CCGrid.m */ = {isa = PBXFileReference; lastKnownFileType = sourcecode.c.objc; name = CCGrid.m; path = libs/cocos2d/CCGrid.m; sourceTree = "<group>"; };
		DBEEB1C916EFF4C100B2B426 /* CCLabelAtlas.h */ = {isa = PBXFileReference; lastKnownFileType = sourcecode.c.h; name = CCLabelAtlas.h; path = libs/cocos2d/CCLabelAtlas.h; sourceTree = "<group>"; };
		DBEEB1CA16EFF4C100B2B426 /* CCLabelAtlas.m */ = {isa = PBXFileReference; lastKnownFileType = sourcecode.c.objc; name = CCLabelAtlas.m; path = libs/cocos2d/CCLabelAtlas.m; sourceTree = "<group>"; };
		DBEEB1CC16EFF4C100B2B426 /* CCLabelBMFont.h */ = {isa = PBXFileReference; lastKnownFileType = sourcecode.c.h; name = CCLabelBMFont.h; path = libs/cocos2d/CCLabelBMFont.h; sourceTree = "<group>"; };
		DBEEB1CD16EFF4C100B2B426 /* CCLabelBMFont.m */ = {isa = PBXFileReference; lastKnownFileType = sourcecode.c.objc; name = CCLabelBMFont.m; path = libs/cocos2d/CCLabelBMFont.m; sourceTree = "<group>"; };
		DBEEB1CF16EFF4C100B2B426 /* CCLabelTTF.h */ = {isa = PBXFileReference; lastKnownFileType = sourcecode.c.h; name = CCLabelTTF.h; path = libs/cocos2d/CCLabelTTF.h; sourceTree = "<group>"; };
		DBEEB1D016EFF4C100B2B426 /* CCLabelTTF.m */ = {isa = PBXFileReference; lastKnownFileType = sourcecode.c.objc; name = CCLabelTTF.m; path = libs/cocos2d/CCLabelTTF.m; sourceTree = "<group>"; };
		DBEEB1D216EFF4C100B2B426 /* CCLayer.h */ = {isa = PBXFileReference; lastKnownFileType = sourcecode.c.h; name = CCLayer.h; path = libs/cocos2d/CCLayer.h; sourceTree = "<group>"; };
		DBEEB1D316EFF4C100B2B426 /* CCLayer.m */ = {isa = PBXFileReference; lastKnownFileType = sourcecode.c.objc; name = CCLayer.m; path = libs/cocos2d/CCLayer.m; sourceTree = "<group>"; };
		DBEEB1D516EFF4C100B2B426 /* ccMacros.h */ = {isa = PBXFileReference; lastKnownFileType = sourcecode.c.h; name = ccMacros.h; path = libs/cocos2d/ccMacros.h; sourceTree = "<group>"; };
		DBEEB1D616EFF4C100B2B426 /* CCMenu.h */ = {isa = PBXFileReference; lastKnownFileType = sourcecode.c.h; name = CCMenu.h; path = libs/cocos2d/CCMenu.h; sourceTree = "<group>"; };
		DBEEB1D716EFF4C100B2B426 /* CCMenu.m */ = {isa = PBXFileReference; lastKnownFileType = sourcecode.c.objc; name = CCMenu.m; path = libs/cocos2d/CCMenu.m; sourceTree = "<group>"; };
		DBEEB1D916EFF4C100B2B426 /* CCMenuItem.h */ = {isa = PBXFileReference; lastKnownFileType = sourcecode.c.h; name = CCMenuItem.h; path = libs/cocos2d/CCMenuItem.h; sourceTree = "<group>"; };
		DBEEB1DA16EFF4C100B2B426 /* CCMenuItem.m */ = {isa = PBXFileReference; lastKnownFileType = sourcecode.c.objc; name = CCMenuItem.m; path = libs/cocos2d/CCMenuItem.m; sourceTree = "<group>"; };
		DBEEB1DC16EFF4C100B2B426 /* CCMotionStreak.h */ = {isa = PBXFileReference; lastKnownFileType = sourcecode.c.h; name = CCMotionStreak.h; path = libs/cocos2d/CCMotionStreak.h; sourceTree = "<group>"; };
		DBEEB1DD16EFF4C100B2B426 /* CCMotionStreak.m */ = {isa = PBXFileReference; lastKnownFileType = sourcecode.c.objc; name = CCMotionStreak.m; path = libs/cocos2d/CCMotionStreak.m; sourceTree = "<group>"; };
		DBEEB1DF16EFF4C100B2B426 /* CCNode.h */ = {isa = PBXFileReference; lastKnownFileType = sourcecode.c.h; name = CCNode.h; path = libs/cocos2d/CCNode.h; sourceTree = "<group>"; };
		DBEEB1E016EFF4C100B2B426 /* CCNode.m */ = {isa = PBXFileReference; lastKnownFileType = sourcecode.c.objc; name = CCNode.m; path = libs/cocos2d/CCNode.m; sourceTree = "<group>"; };
		DBEEB1E216EFF4C100B2B426 /* CCParallaxNode.h */ = {isa = PBXFileReference; lastKnownFileType = sourcecode.c.h; name = CCParallaxNode.h; path = libs/cocos2d/CCParallaxNode.h; sourceTree = "<group>"; };
		DBEEB1E316EFF4C100B2B426 /* CCParallaxNode.m */ = {isa = PBXFileReference; lastKnownFileType = sourcecode.c.objc; name = CCParallaxNode.m; path = libs/cocos2d/CCParallaxNode.m; sourceTree = "<group>"; };
		DBEEB1E516EFF4C100B2B426 /* CCParticleBatchNode.h */ = {isa = PBXFileReference; lastKnownFileType = sourcecode.c.h; name = CCParticleBatchNode.h; path = libs/cocos2d/CCParticleBatchNode.h; sourceTree = "<group>"; };
		DBEEB1E616EFF4C100B2B426 /* CCParticleBatchNode.m */ = {isa = PBXFileReference; lastKnownFileType = sourcecode.c.objc; name = CCParticleBatchNode.m; path = libs/cocos2d/CCParticleBatchNode.m; sourceTree = "<group>"; };
		DBEEB1E816EFF4C100B2B426 /* CCParticleExamples.h */ = {isa = PBXFileReference; lastKnownFileType = sourcecode.c.h; name = CCParticleExamples.h; path = libs/cocos2d/CCParticleExamples.h; sourceTree = "<group>"; };
		DBEEB1E916EFF4C100B2B426 /* CCParticleExamples.m */ = {isa = PBXFileReference; lastKnownFileType = sourcecode.c.objc; name = CCParticleExamples.m; path = libs/cocos2d/CCParticleExamples.m; sourceTree = "<group>"; };
		DBEEB1EB16EFF4C100B2B426 /* CCParticleSystem.h */ = {isa = PBXFileReference; lastKnownFileType = sourcecode.c.h; name = CCParticleSystem.h; path = libs/cocos2d/CCParticleSystem.h; sourceTree = "<group>"; };
		DBEEB1EC16EFF4C100B2B426 /* CCParticleSystem.m */ = {isa = PBXFileReference; lastKnownFileType = sourcecode.c.objc; name = CCParticleSystem.m; path = libs/cocos2d/CCParticleSystem.m; sourceTree = "<group>"; };
		DBEEB1EE16EFF4C100B2B426 /* CCParticleSystemQuad.h */ = {isa = PBXFileReference; lastKnownFileType = sourcecode.c.h; name = CCParticleSystemQuad.h; path = libs/cocos2d/CCParticleSystemQuad.h; sourceTree = "<group>"; };
		DBEEB1EF16EFF4C100B2B426 /* CCParticleSystemQuad.m */ = {isa = PBXFileReference; lastKnownFileType = sourcecode.c.objc; name = CCParticleSystemQuad.m; path = libs/cocos2d/CCParticleSystemQuad.m; sourceTree = "<group>"; };
		DBEEB1F116EFF4C100B2B426 /* CCProgressTimer.h */ = {isa = PBXFileReference; lastKnownFileType = sourcecode.c.h; name = CCProgressTimer.h; path = libs/cocos2d/CCProgressTimer.h; sourceTree = "<group>"; };
		DBEEB1F216EFF4C100B2B426 /* CCProgressTimer.m */ = {isa = PBXFileReference; lastKnownFileType = sourcecode.c.objc; name = CCProgressTimer.m; path = libs/cocos2d/CCProgressTimer.m; sourceTree = "<group>"; };
		DBEEB1F416EFF4C100B2B426 /* CCProtocols.h */ = {isa = PBXFileReference; lastKnownFileType = sourcecode.c.h; name = CCProtocols.h; path = libs/cocos2d/CCProtocols.h; sourceTree = "<group>"; };
		DBEEB1F516EFF4C100B2B426 /* CCRenderTexture.h */ = {isa = PBXFileReference; lastKnownFileType = sourcecode.c.h; name = CCRenderTexture.h; path = libs/cocos2d/CCRenderTexture.h; sourceTree = "<group>"; };
		DBEEB1F616EFF4C100B2B426 /* CCRenderTexture.m */ = {isa = PBXFileReference; lastKnownFileType = sourcecode.c.objc; name = CCRenderTexture.m; path = libs/cocos2d/CCRenderTexture.m; sourceTree = "<group>"; };
		DBEEB1F816EFF4C100B2B426 /* CCScene.h */ = {isa = PBXFileReference; lastKnownFileType = sourcecode.c.h; name = CCScene.h; path = libs/cocos2d/CCScene.h; sourceTree = "<group>"; };
		DBEEB1F916EFF4C100B2B426 /* CCScene.m */ = {isa = PBXFileReference; lastKnownFileType = sourcecode.c.objc; name = CCScene.m; path = libs/cocos2d/CCScene.m; sourceTree = "<group>"; };
		DBEEB1FB16EFF4C100B2B426 /* CCScheduler.h */ = {isa = PBXFileReference; lastKnownFileType = sourcecode.c.h; name = CCScheduler.h; path = libs/cocos2d/CCScheduler.h; sourceTree = "<group>"; };
		DBEEB1FC16EFF4C100B2B426 /* CCScheduler.m */ = {isa = PBXFileReference; lastKnownFileType = sourcecode.c.objc; name = CCScheduler.m; path = libs/cocos2d/CCScheduler.m; sourceTree = "<group>"; };
		DBEEB1FE16EFF4C100B2B426 /* ccShader_Position_uColor_frag.h */ = {isa = PBXFileReference; lastKnownFileType = sourcecode.c.h; name = ccShader_Position_uColor_frag.h; path = libs/cocos2d/ccShader_Position_uColor_frag.h; sourceTree = "<group>"; };
		DBEEB1FF16EFF4C100B2B426 /* ccShader_Position_uColor_vert.h */ = {isa = PBXFileReference; lastKnownFileType = sourcecode.c.h; name = ccShader_Position_uColor_vert.h; path = libs/cocos2d/ccShader_Position_uColor_vert.h; sourceTree = "<group>"; };
		DBEEB20016EFF4C100B2B426 /* ccShader_PositionColor_frag.h */ = {isa = PBXFileReference; lastKnownFileType = sourcecode.c.h; name = ccShader_PositionColor_frag.h; path = libs/cocos2d/ccShader_PositionColor_frag.h; sourceTree = "<group>"; };
		DBEEB20116EFF4C100B2B426 /* ccShader_PositionColor_vert.h */ = {isa = PBXFileReference; lastKnownFileType = sourcecode.c.h; name = ccShader_PositionColor_vert.h; path = libs/cocos2d/ccShader_PositionColor_vert.h; sourceTree = "<group>"; };
		DBEEB20216EFF4C100B2B426 /* ccShader_PositionTexture_frag.h */ = {isa = PBXFileReference; lastKnownFileType = sourcecode.c.h; name = ccShader_PositionTexture_frag.h; path = libs/cocos2d/ccShader_PositionTexture_frag.h; sourceTree = "<group>"; };
		DBEEB20316EFF4C100B2B426 /* ccShader_PositionTexture_uColor_frag.h */ = {isa = PBXFileReference; lastKnownFileType = sourcecode.c.h; name = ccShader_PositionTexture_uColor_frag.h; path = libs/cocos2d/ccShader_PositionTexture_uColor_frag.h; sourceTree = "<group>"; };
		DBEEB20416EFF4C100B2B426 /* ccShader_PositionTexture_uColor_vert.h */ = {isa = PBXFileReference; lastKnownFileType = sourcecode.c.h; name = ccShader_PositionTexture_uColor_vert.h; path = libs/cocos2d/ccShader_PositionTexture_uColor_vert.h; sourceTree = "<group>"; };
		DBEEB20516EFF4C100B2B426 /* ccShader_PositionTexture_vert.h */ = {isa = PBXFileReference; lastKnownFileType = sourcecode.c.h; name = ccShader_PositionTexture_vert.h; path = libs/cocos2d/ccShader_PositionTexture_vert.h; sourceTree = "<group>"; };
		DBEEB20616EFF4C100B2B426 /* ccShader_PositionTextureA8Color_frag.h */ = {isa = PBXFileReference; lastKnownFileType = sourcecode.c.h; name = ccShader_PositionTextureA8Color_frag.h; path = libs/cocos2d/ccShader_PositionTextureA8Color_frag.h; sourceTree = "<group>"; };
		DBEEB20716EFF4C100B2B426 /* ccShader_PositionTextureA8Color_vert.h */ = {isa = PBXFileReference; lastKnownFileType = sourcecode.c.h; name = ccShader_PositionTextureA8Color_vert.h; path = libs/cocos2d/ccShader_PositionTextureA8Color_vert.h; sourceTree = "<group>"; };
		DBEEB20816EFF4C100B2B426 /* ccShader_PositionTextureColor_frag.h */ = {isa = PBXFileReference; lastKnownFileType = sourcecode.c.h; name = ccShader_PositionTextureColor_frag.h; path = libs/cocos2d/ccShader_PositionTextureColor_frag.h; sourceTree = "<group>"; };
		DBEEB20916EFF4C100B2B426 /* ccShader_PositionTextureColor_vert.h */ = {isa = PBXFileReference; lastKnownFileType = sourcecode.c.h; name = ccShader_PositionTextureColor_vert.h; path = libs/cocos2d/ccShader_PositionTextureColor_vert.h; sourceTree = "<group>"; };
		DBEEB20A16EFF4C100B2B426 /* ccShader_PositionTextureColorAlphaTest_frag.h */ = {isa = PBXFileReference; lastKnownFileType = sourcecode.c.h; name = ccShader_PositionTextureColorAlphaTest_frag.h; path = libs/cocos2d/ccShader_PositionTextureColorAlphaTest_frag.h; sourceTree = "<group>"; };
		DBEEB20B16EFF4C100B2B426 /* CCShaderCache.h */ = {isa = PBXFileReference; lastKnownFileType = sourcecode.c.h; name = CCShaderCache.h; path = libs/cocos2d/CCShaderCache.h; sourceTree = "<group>"; };
		DBEEB20C16EFF4C100B2B426 /* CCShaderCache.m */ = {isa = PBXFileReference; lastKnownFileType = sourcecode.c.objc; name = CCShaderCache.m; path = libs/cocos2d/CCShaderCache.m; sourceTree = "<group>"; };
		DBEEB20E16EFF4C100B2B426 /* ccShaders.h */ = {isa = PBXFileReference; lastKnownFileType = sourcecode.c.h; name = ccShaders.h; path = libs/cocos2d/ccShaders.h; sourceTree = "<group>"; };
		DBEEB20F16EFF4C100B2B426 /* ccShaders.m */ = {isa = PBXFileReference; lastKnownFileType = sourcecode.c.objc; name = ccShaders.m; path = libs/cocos2d/ccShaders.m; sourceTree = "<group>"; };
		DBEEB21116EFF4C100B2B426 /* CCSprite.h */ = {isa = PBXFileReference; lastKnownFileType = sourcecode.c.h; name = CCSprite.h; path = libs/cocos2d/CCSprite.h; sourceTree = "<group>"; };
		DBEEB21216EFF4C100B2B426 /* CCSprite.m */ = {isa = PBXFileReference; lastKnownFileType = sourcecode.c.objc; name = CCSprite.m; path = libs/cocos2d/CCSprite.m; sourceTree = "<group>"; };
		DBEEB21416EFF4C100B2B426 /* CCSpriteBatchNode.h */ = {isa = PBXFileReference; lastKnownFileType = sourcecode.c.h; name = CCSpriteBatchNode.h; path = libs/cocos2d/CCSpriteBatchNode.h; sourceTree = "<group>"; };
		DBEEB21516EFF4C100B2B426 /* CCSpriteBatchNode.m */ = {isa = PBXFileReference; lastKnownFileType = sourcecode.c.objc; name = CCSpriteBatchNode.m; path = libs/cocos2d/CCSpriteBatchNode.m; sourceTree = "<group>"; };
		DBEEB21716EFF4C100B2B426 /* CCSpriteFrame.h */ = {isa = PBXFileReference; lastKnownFileType = sourcecode.c.h; name = CCSpriteFrame.h; path = libs/cocos2d/CCSpriteFrame.h; sourceTree = "<group>"; };
		DBEEB21816EFF4C100B2B426 /* CCSpriteFrame.m */ = {isa = PBXFileReference; lastKnownFileType = sourcecode.c.objc; name = CCSpriteFrame.m; path = libs/cocos2d/CCSpriteFrame.m; sourceTree = "<group>"; };
		DBEEB21A16EFF4C100B2B426 /* CCSpriteFrameCache.h */ = {isa = PBXFileReference; lastKnownFileType = sourcecode.c.h; name = CCSpriteFrameCache.h; path = libs/cocos2d/CCSpriteFrameCache.h; sourceTree = "<group>"; };
		DBEEB21B16EFF4C100B2B426 /* CCSpriteFrameCache.m */ = {isa = PBXFileReference; lastKnownFileType = sourcecode.c.objc; name = CCSpriteFrameCache.m; path = libs/cocos2d/CCSpriteFrameCache.m; sourceTree = "<group>"; };
		DBEEB21D16EFF4C100B2B426 /* CCTexture2D.h */ = {isa = PBXFileReference; lastKnownFileType = sourcecode.c.h; name = CCTexture2D.h; path = libs/cocos2d/CCTexture2D.h; sourceTree = "<group>"; };
		DBEEB21E16EFF4C100B2B426 /* CCTexture2D.m */ = {isa = PBXFileReference; lastKnownFileType = sourcecode.c.objc; name = CCTexture2D.m; path = libs/cocos2d/CCTexture2D.m; sourceTree = "<group>"; };
		DBEEB22016EFF4C100B2B426 /* CCTextureAtlas.h */ = {isa = PBXFileReference; lastKnownFileType = sourcecode.c.h; name = CCTextureAtlas.h; path = libs/cocos2d/CCTextureAtlas.h; sourceTree = "<group>"; };
		DBEEB22116EFF4C100B2B426 /* CCTextureAtlas.m */ = {isa = PBXFileReference; lastKnownFileType = sourcecode.c.objc; name = CCTextureAtlas.m; path = libs/cocos2d/CCTextureAtlas.m; sourceTree = "<group>"; };
		DBEEB22316EFF4C200B2B426 /* CCTextureCache.h */ = {isa = PBXFileReference; lastKnownFileType = sourcecode.c.h; name = CCTextureCache.h; path = libs/cocos2d/CCTextureCache.h; sourceTree = "<group>"; };
		DBEEB22416EFF4C200B2B426 /* CCTextureCache.m */ = {isa = PBXFileReference; lastKnownFileType = sourcecode.c.objc; name = CCTextureCache.m; path = libs/cocos2d/CCTextureCache.m; sourceTree = "<group>"; };
		DBEEB22616EFF4C200B2B426 /* CCTexturePVR.h */ = {isa = PBXFileReference; lastKnownFileType = sourcecode.c.h; name = CCTexturePVR.h; path = libs/cocos2d/CCTexturePVR.h; sourceTree = "<group>"; };
		DBEEB22716EFF4C200B2B426 /* CCTexturePVR.m */ = {isa = PBXFileReference; lastKnownFileType = sourcecode.c.objc; name = CCTexturePVR.m; path = libs/cocos2d/CCTexturePVR.m; sourceTree = "<group>"; };
		DBEEB22916EFF4C200B2B426 /* CCTileMapAtlas.h */ = {isa = PBXFileReference; lastKnownFileType = sourcecode.c.h; name = CCTileMapAtlas.h; path = libs/cocos2d/CCTileMapAtlas.h; sourceTree = "<group>"; };
		DBEEB22A16EFF4C200B2B426 /* CCTileMapAtlas.m */ = {isa = PBXFileReference; lastKnownFileType = sourcecode.c.objc; name = CCTileMapAtlas.m; path = libs/cocos2d/CCTileMapAtlas.m; sourceTree = "<group>"; };
		DBEEB22C16EFF4C200B2B426 /* CCTMXLayer.h */ = {isa = PBXFileReference; lastKnownFileType = sourcecode.c.h; name = CCTMXLayer.h; path = libs/cocos2d/CCTMXLayer.h; sourceTree = "<group>"; };
		DBEEB22D16EFF4C200B2B426 /* CCTMXLayer.m */ = {isa = PBXFileReference; lastKnownFileType = sourcecode.c.objc; name = CCTMXLayer.m; path = libs/cocos2d/CCTMXLayer.m; sourceTree = "<group>"; };
		DBEEB22F16EFF4C200B2B426 /* CCTMXObjectGroup.h */ = {isa = PBXFileReference; lastKnownFileType = sourcecode.c.h; name = CCTMXObjectGroup.h; path = libs/cocos2d/CCTMXObjectGroup.h; sourceTree = "<group>"; };
		DBEEB23016EFF4C200B2B426 /* CCTMXObjectGroup.m */ = {isa = PBXFileReference; lastKnownFileType = sourcecode.c.objc; name = CCTMXObjectGroup.m; path = libs/cocos2d/CCTMXObjectGroup.m; sourceTree = "<group>"; };
		DBEEB23216EFF4C200B2B426 /* CCTMXTiledMap.h */ = {isa = PBXFileReference; lastKnownFileType = sourcecode.c.h; name = CCTMXTiledMap.h; path = libs/cocos2d/CCTMXTiledMap.h; sourceTree = "<group>"; };
		DBEEB23316EFF4C200B2B426 /* CCTMXTiledMap.m */ = {isa = PBXFileReference; lastKnownFileType = sourcecode.c.objc; name = CCTMXTiledMap.m; path = libs/cocos2d/CCTMXTiledMap.m; sourceTree = "<group>"; };
		DBEEB23516EFF4C200B2B426 /* CCTMXXMLParser.h */ = {isa = PBXFileReference; lastKnownFileType = sourcecode.c.h; name = CCTMXXMLParser.h; path = libs/cocos2d/CCTMXXMLParser.h; sourceTree = "<group>"; };
		DBEEB23616EFF4C200B2B426 /* CCTMXXMLParser.m */ = {isa = PBXFileReference; lastKnownFileType = sourcecode.c.objc; name = CCTMXXMLParser.m; path = libs/cocos2d/CCTMXXMLParser.m; sourceTree = "<group>"; };
		DBEEB23816EFF4C200B2B426 /* CCTransition.h */ = {isa = PBXFileReference; lastKnownFileType = sourcecode.c.h; name = CCTransition.h; path = libs/cocos2d/CCTransition.h; sourceTree = "<group>"; };
		DBEEB23916EFF4C200B2B426 /* CCTransition.m */ = {isa = PBXFileReference; lastKnownFileType = sourcecode.c.objc; name = CCTransition.m; path = libs/cocos2d/CCTransition.m; sourceTree = "<group>"; };
		DBEEB23B16EFF4C200B2B426 /* CCTransitionPageTurn.h */ = {isa = PBXFileReference; lastKnownFileType = sourcecode.c.h; name = CCTransitionPageTurn.h; path = libs/cocos2d/CCTransitionPageTurn.h; sourceTree = "<group>"; };
		DBEEB23C16EFF4C200B2B426 /* CCTransitionPageTurn.m */ = {isa = PBXFileReference; lastKnownFileType = sourcecode.c.objc; name = CCTransitionPageTurn.m; path = libs/cocos2d/CCTransitionPageTurn.m; sourceTree = "<group>"; };
		DBEEB23E16EFF4C200B2B426 /* CCTransitionProgress.h */ = {isa = PBXFileReference; lastKnownFileType = sourcecode.c.h; name = CCTransitionProgress.h; path = libs/cocos2d/CCTransitionProgress.h; sourceTree = "<group>"; };
		DBEEB23F16EFF4C200B2B426 /* CCTransitionProgress.m */ = {isa = PBXFileReference; lastKnownFileType = sourcecode.c.objc; name = CCTransitionProgress.m; path = libs/cocos2d/CCTransitionProgress.m; sourceTree = "<group>"; };
		DBEEB24116EFF4C200B2B426 /* ccTypes.h */ = {isa = PBXFileReference; lastKnownFileType = sourcecode.c.h; name = ccTypes.h; path = libs/cocos2d/ccTypes.h; sourceTree = "<group>"; };
		DBEEB24216EFF4C200B2B426 /* cocos2d.h */ = {isa = PBXFileReference; lastKnownFileType = sourcecode.c.h; name = cocos2d.h; path = libs/cocos2d/cocos2d.h; sourceTree = "<group>"; };
		DBEEB24316EFF4C200B2B426 /* cocos2d.m */ = {isa = PBXFileReference; lastKnownFileType = sourcecode.c.objc; name = cocos2d.m; path = libs/cocos2d/cocos2d.m; sourceTree = "<group>"; };
		DBEEB24616EFF4C200B2B426 /* CCGL.h */ = {isa = PBXFileReference; lastKnownFileType = sourcecode.c.h; name = CCGL.h; path = libs/cocos2d/Platforms/CCGL.h; sourceTree = "<group>"; };
		DBEEB24716EFF4C200B2B426 /* CCNS.h */ = {isa = PBXFileReference; lastKnownFileType = sourcecode.c.h; name = CCNS.h; path = libs/cocos2d/Platforms/CCNS.h; sourceTree = "<group>"; };
		DBEEB24916EFF4C200B2B426 /* CCDirectorIOS.h */ = {isa = PBXFileReference; lastKnownFileType = sourcecode.c.h; name = CCDirectorIOS.h; path = libs/cocos2d/Platforms/iOS/CCDirectorIOS.h; sourceTree = "<group>"; };
		DBEEB24A16EFF4C200B2B426 /* CCDirectorIOS.m */ = {isa = PBXFileReference; lastKnownFileType = sourcecode.c.objc; name = CCDirectorIOS.m; path = libs/cocos2d/Platforms/iOS/CCDirectorIOS.m; sourceTree = "<group>"; };
		DBEEB24C16EFF4C200B2B426 /* CCES2Renderer.h */ = {isa = PBXFileReference; lastKnownFileType = sourcecode.c.h; name = CCES2Renderer.h; path = libs/cocos2d/Platforms/iOS/CCES2Renderer.h; sourceTree = "<group>"; };
		DBEEB24D16EFF4C200B2B426 /* CCES2Renderer.m */ = {isa = PBXFileReference; lastKnownFileType = sourcecode.c.objc; name = CCES2Renderer.m; path = libs/cocos2d/Platforms/iOS/CCES2Renderer.m; sourceTree = "<group>"; };
		DBEEB24F16EFF4C200B2B426 /* CCESRenderer.h */ = {isa = PBXFileReference; lastKnownFileType = sourcecode.c.h; name = CCESRenderer.h; path = libs/cocos2d/Platforms/iOS/CCESRenderer.h; sourceTree = "<group>"; };
		DBEEB25016EFF4C200B2B426 /* CCGLView.h */ = {isa = PBXFileReference; lastKnownFileType = sourcecode.c.h; name = CCGLView.h; path = libs/cocos2d/Platforms/iOS/CCGLView.h; sourceTree = "<group>"; };
		DBEEB25116EFF4C200B2B426 /* CCGLView.m */ = {isa = PBXFileReference; lastKnownFileType = sourcecode.c.objc; name = CCGLView.m; path = libs/cocos2d/Platforms/iOS/CCGLView.m; sourceTree = "<group>"; };
		DBEEB25316EFF4C200B2B426 /* CCTouchDelegateProtocol.h */ = {isa = PBXFileReference; lastKnownFileType = sourcecode.c.h; name = CCTouchDelegateProtocol.h; path = libs/cocos2d/Platforms/iOS/CCTouchDelegateProtocol.h; sourceTree = "<group>"; };
		DBEEB25416EFF4C200B2B426 /* CCTouchDispatcher.h */ = {isa = PBXFileReference; lastKnownFileType = sourcecode.c.h; name = CCTouchDispatcher.h; path = libs/cocos2d/Platforms/iOS/CCTouchDispatcher.h; sourceTree = "<group>"; };
		DBEEB25516EFF4C200B2B426 /* CCTouchDispatcher.m */ = {isa = PBXFileReference; lastKnownFileType = sourcecode.c.objc; name = CCTouchDispatcher.m; path = libs/cocos2d/Platforms/iOS/CCTouchDispatcher.m; sourceTree = "<group>"; };
		DBEEB25716EFF4C200B2B426 /* CCTouchHandler.h */ = {isa = PBXFileReference; lastKnownFileType = sourcecode.c.h; name = CCTouchHandler.h; path = libs/cocos2d/Platforms/iOS/CCTouchHandler.h; sourceTree = "<group>"; };
		DBEEB25816EFF4C200B2B426 /* CCTouchHandler.m */ = {isa = PBXFileReference; lastKnownFileType = sourcecode.c.objc; name = CCTouchHandler.m; path = libs/cocos2d/Platforms/iOS/CCTouchHandler.m; sourceTree = "<group>"; };
		DBEEB25B16EFF4C200B2B426 /* CCDirectorMac.h */ = {isa = PBXFileReference; lastKnownFileType = sourcecode.c.h; name = CCDirectorMac.h; path = libs/cocos2d/Platforms/Mac/CCDirectorMac.h; sourceTree = "<group>"; };
		DBEEB25C16EFF4C200B2B426 /* CCDirectorMac.m */ = {isa = PBXFileReference; lastKnownFileType = sourcecode.c.objc; name = CCDirectorMac.m; path = libs/cocos2d/Platforms/Mac/CCDirectorMac.m; sourceTree = "<group>"; };
		DBEEB25E16EFF4C200B2B426 /* CCEventDispatcher.h */ = {isa = PBXFileReference; lastKnownFileType = sourcecode.c.h; name = CCEventDispatcher.h; path = libs/cocos2d/Platforms/Mac/CCEventDispatcher.h; sourceTree = "<group>"; };
		DBEEB25F16EFF4C200B2B426 /* CCEventDispatcher.m */ = {isa = PBXFileReference; lastKnownFileType = sourcecode.c.objc; name = CCEventDispatcher.m; path = libs/cocos2d/Platforms/Mac/CCEventDispatcher.m; sourceTree = "<group>"; };
		DBEEB26116EFF4C200B2B426 /* CCGLView.h */ = {isa = PBXFileReference; lastKnownFileType = sourcecode.c.h; name = CCGLView.h; path = libs/cocos2d/Platforms/Mac/CCGLView.h; sourceTree = "<group>"; };
		DBEEB26216EFF4C200B2B426 /* CCGLView.m */ = {isa = PBXFileReference; lastKnownFileType = sourcecode.c.objc; name = CCGLView.m; path = libs/cocos2d/Platforms/Mac/CCGLView.m; sourceTree = "<group>"; };
		DBEEB26416EFF4C200B2B426 /* CCWindow.h */ = {isa = PBXFileReference; lastKnownFileType = sourcecode.c.h; name = CCWindow.h; path = libs/cocos2d/Platforms/Mac/CCWindow.h; sourceTree = "<group>"; };
		DBEEB26516EFF4C200B2B426 /* CCWindow.m */ = {isa = PBXFileReference; lastKnownFileType = sourcecode.c.objc; name = CCWindow.m; path = libs/cocos2d/Platforms/Mac/CCWindow.m; sourceTree = "<group>"; };
		DBEEB26816EFF4C200B2B426 /* base64.c */ = {isa = PBXFileReference; lastKnownFileType = sourcecode.c.c; name = base64.c; path = libs/cocos2d/Support/base64.c; sourceTree = "<group>"; };
		DBEEB26A16EFF4C200B2B426 /* base64.h */ = {isa = PBXFileReference; lastKnownFileType = sourcecode.c.h; name = base64.h; path = libs/cocos2d/Support/base64.h; sourceTree = "<group>"; };
		DBEEB26B16EFF4C200B2B426 /* CCArray.h */ = {isa = PBXFileReference; lastKnownFileType = sourcecode.c.h; name = CCArray.h; path = libs/cocos2d/Support/CCArray.h; sourceTree = "<group>"; };
		DBEEB26C16EFF4C200B2B426 /* CCArray.m */ = {isa = PBXFileReference; lastKnownFileType = sourcecode.c.objc; name = CCArray.m; path = libs/cocos2d/Support/CCArray.m; sourceTree = "<group>"; };
		DBEEB26E16EFF4C200B2B426 /* ccCArray.h */ = {isa = PBXFileReference; lastKnownFileType = sourcecode.c.h; name = ccCArray.h; path = libs/cocos2d/Support/ccCArray.h; sourceTree = "<group>"; };
		DBEEB26F16EFF4C200B2B426 /* CCFileUtils.h */ = {isa = PBXFileReference; lastKnownFileType = sourcecode.c.h; name = CCFileUtils.h; path = libs/cocos2d/Support/CCFileUtils.h; sourceTree = "<group>"; };
		DBEEB27016EFF4C200B2B426 /* CCFileUtils.m */ = {isa = PBXFileReference; lastKnownFileType = sourcecode.c.objc; name = CCFileUtils.m; path = libs/cocos2d/Support/CCFileUtils.m; sourceTree = "<group>"; };
		DBEEB27216EFF4C200B2B426 /* CCProfiling.h */ = {isa = PBXFileReference; lastKnownFileType = sourcecode.c.h; name = CCProfiling.h; path = libs/cocos2d/Support/CCProfiling.h; sourceTree = "<group>"; };
		DBEEB27316EFF4C200B2B426 /* CCProfiling.m */ = {isa = PBXFileReference; lastKnownFileType = sourcecode.c.objc; name = CCProfiling.m; path = libs/cocos2d/Support/CCProfiling.m; sourceTree = "<group>"; };
		DBEEB27516EFF4C200B2B426 /* ccUtils.c */ = {isa = PBXFileReference; lastKnownFileType = sourcecode.c.c; name = ccUtils.c; path = libs/cocos2d/Support/ccUtils.c; sourceTree = "<group>"; };
		DBEEB27716EFF4C200B2B426 /* ccUtils.h */ = {isa = PBXFileReference; lastKnownFileType = sourcecode.c.h; name = ccUtils.h; path = libs/cocos2d/Support/ccUtils.h; sourceTree = "<group>"; };
		DBEEB27816EFF4C200B2B426 /* CCVertex.h */ = {isa = PBXFileReference; lastKnownFileType = sourcecode.c.h; name = CCVertex.h; path = libs/cocos2d/Support/CCVertex.h; sourceTree = "<group>"; };
		DBEEB27916EFF4C200B2B426 /* CCVertex.m */ = {isa = PBXFileReference; lastKnownFileType = sourcecode.c.objc; name = CCVertex.m; path = libs/cocos2d/Support/CCVertex.m; sourceTree = "<group>"; };
		DBEEB27B16EFF4C200B2B426 /* CGPointExtension.h */ = {isa = PBXFileReference; lastKnownFileType = sourcecode.c.h; name = CGPointExtension.h; path = libs/cocos2d/Support/CGPointExtension.h; sourceTree = "<group>"; };
		DBEEB27C16EFF4C200B2B426 /* CGPointExtension.m */ = {isa = PBXFileReference; lastKnownFileType = sourcecode.c.objc; name = CGPointExtension.m; path = libs/cocos2d/Support/CGPointExtension.m; sourceTree = "<group>"; };
		DBEEB27E16EFF4C200B2B426 /* NSThread+performBlock.h */ = {isa = PBXFileReference; lastKnownFileType = sourcecode.c.h; name = "NSThread+performBlock.h"; path = "libs/cocos2d/Support/NSThread+performBlock.h"; sourceTree = "<group>"; };
		DBEEB27F16EFF4C200B2B426 /* NSThread+performBlock.m */ = {isa = PBXFileReference; lastKnownFileType = sourcecode.c.objc; name = "NSThread+performBlock.m"; path = "libs/cocos2d/Support/NSThread+performBlock.m"; sourceTree = "<group>"; };
		DBEEB28116EFF4C200B2B426 /* OpenGL_Internal.h */ = {isa = PBXFileReference; lastKnownFileType = sourcecode.c.h; name = OpenGL_Internal.h; path = libs/cocos2d/Support/OpenGL_Internal.h; sourceTree = "<group>"; };
		DBEEB28216EFF4C200B2B426 /* TGAlib.h */ = {isa = PBXFileReference; lastKnownFileType = sourcecode.c.h; name = TGAlib.h; path = libs/cocos2d/Support/TGAlib.h; sourceTree = "<group>"; };
		DBEEB28316EFF4C200B2B426 /* TGAlib.m */ = {isa = PBXFileReference; lastKnownFileType = sourcecode.c.objc; name = TGAlib.m; path = libs/cocos2d/Support/TGAlib.m; sourceTree = "<group>"; };
		DBEEB28516EFF4C200B2B426 /* TransformUtils.h */ = {isa = PBXFileReference; lastKnownFileType = sourcecode.c.h; name = TransformUtils.h; path = libs/cocos2d/Support/TransformUtils.h; sourceTree = "<group>"; };
		DBEEB28616EFF4C200B2B426 /* TransformUtils.m */ = {isa = PBXFileReference; lastKnownFileType = sourcecode.c.objc; name = TransformUtils.m; path = libs/cocos2d/Support/TransformUtils.m; sourceTree = "<group>"; };
		DBEEB28816EFF4C200B2B426 /* uthash.h */ = {isa = PBXFileReference; lastKnownFileType = sourcecode.c.h; name = uthash.h; path = libs/cocos2d/Support/uthash.h; sourceTree = "<group>"; };
		DBEEB28916EFF4C200B2B426 /* utlist.h */ = {isa = PBXFileReference; lastKnownFileType = sourcecode.c.h; name = utlist.h; path = libs/cocos2d/Support/utlist.h; sourceTree = "<group>"; };
		DBEEB28A16EFF4C200B2B426 /* ZipUtils.h */ = {isa = PBXFileReference; lastKnownFileType = sourcecode.c.h; name = ZipUtils.h; path = libs/cocos2d/Support/ZipUtils.h; sourceTree = "<group>"; };
		DBEEB28B16EFF4C200B2B426 /* ZipUtils.m */ = {isa = PBXFileReference; lastKnownFileType = sourcecode.c.objc; name = ZipUtils.m; path = libs/cocos2d/Support/ZipUtils.m; sourceTree = "<group>"; };
		DBEEB28D16EFF4C200B2B426 /* LICENSE_cocos2d.txt */ = {isa = PBXFileReference; lastKnownFileType = text; name = LICENSE_cocos2d.txt; path = libs/LICENSE_cocos2d.txt; sourceTree = "<group>"; };
		DBEEB28F16EFF4C200B2B426 /* CDAudioManager.h */ = {isa = PBXFileReference; lastKnownFileType = sourcecode.c.h; name = CDAudioManager.h; path = libs/CocosDenshion/CDAudioManager.h; sourceTree = "<group>"; };
		DBEEB29016EFF4C200B2B426 /* CDAudioManager.m */ = {isa = PBXFileReference; lastKnownFileType = sourcecode.c.objc; name = CDAudioManager.m; path = libs/CocosDenshion/CDAudioManager.m; sourceTree = "<group>"; };
		DBEEB29216EFF4C200B2B426 /* CDConfig.h */ = {isa = PBXFileReference; lastKnownFileType = sourcecode.c.h; name = CDConfig.h; path = libs/CocosDenshion/CDConfig.h; sourceTree = "<group>"; };
		DBEEB29316EFF4C200B2B426 /* CDOpenALSupport.h */ = {isa = PBXFileReference; lastKnownFileType = sourcecode.c.h; name = CDOpenALSupport.h; path = libs/CocosDenshion/CDOpenALSupport.h; sourceTree = "<group>"; };
		DBEEB29416EFF4C200B2B426 /* CDOpenALSupport.m */ = {isa = PBXFileReference; lastKnownFileType = sourcecode.c.objc; name = CDOpenALSupport.m; path = libs/CocosDenshion/CDOpenALSupport.m; sourceTree = "<group>"; };
		DBEEB29616EFF4C200B2B426 /* CocosDenshion.h */ = {isa = PBXFileReference; lastKnownFileType = sourcecode.c.h; name = CocosDenshion.h; path = libs/CocosDenshion/CocosDenshion.h; sourceTree = "<group>"; };
		DBEEB29716EFF4C200B2B426 /* CocosDenshion.m */ = {isa = PBXFileReference; lastKnownFileType = sourcecode.c.objc; name = CocosDenshion.m; path = libs/CocosDenshion/CocosDenshion.m; sourceTree = "<group>"; };
		DBEEB29916EFF4C200B2B426 /* SimpleAudioEngine.h */ = {isa = PBXFileReference; lastKnownFileType = sourcecode.c.h; name = SimpleAudioEngine.h; path = libs/CocosDenshion/SimpleAudioEngine.h; sourceTree = "<group>"; };
		DBEEB29A16EFF4C200B2B426 /* SimpleAudioEngine.m */ = {isa = PBXFileReference; lastKnownFileType = sourcecode.c.objc; name = SimpleAudioEngine.m; path = libs/CocosDenshion/SimpleAudioEngine.m; sourceTree = "<group>"; };
		DBEEB29C16EFF4C200B2B426 /* LICENSE_CocosDenshion.txt */ = {isa = PBXFileReference; lastKnownFileType = text; name = LICENSE_CocosDenshion.txt; path = libs/LICENSE_CocosDenshion.txt; sourceTree = "<group>"; };
		DBEEB2A016EFF4C200B2B426 /* aabb.h */ = {isa = PBXFileReference; lastKnownFileType = sourcecode.c.h; name = aabb.h; path = libs/kazmath/include/kazmath/aabb.h; sourceTree = "<group>"; };
		DBEEB2A216EFF4C200B2B426 /* mat4stack.h */ = {isa = PBXFileReference; lastKnownFileType = sourcecode.c.h; name = mat4stack.h; path = libs/kazmath/include/kazmath/GL/mat4stack.h; sourceTree = "<group>"; };
		DBEEB2A316EFF4C200B2B426 /* matrix.h */ = {isa = PBXFileReference; lastKnownFileType = sourcecode.c.h; name = matrix.h; path = libs/kazmath/include/kazmath/GL/matrix.h; sourceTree = "<group>"; };
		DBEEB2A416EFF4C200B2B426 /* kazmath.h */ = {isa = PBXFileReference; lastKnownFileType = sourcecode.c.h; name = kazmath.h; path = libs/kazmath/include/kazmath/kazmath.h; sourceTree = "<group>"; };
		DBEEB2A516EFF4C200B2B426 /* mat3.h */ = {isa = PBXFileReference; lastKnownFileType = sourcecode.c.h; name = mat3.h; path = libs/kazmath/include/kazmath/mat3.h; sourceTree = "<group>"; };
		DBEEB2A616EFF4C200B2B426 /* mat4.h */ = {isa = PBXFileReference; lastKnownFileType = sourcecode.c.h; name = mat4.h; path = libs/kazmath/include/kazmath/mat4.h; sourceTree = "<group>"; };
		DBEEB2A716EFF4C200B2B426 /* neon_matrix_impl.h */ = {isa = PBXFileReference; lastKnownFileType = sourcecode.c.h; name = neon_matrix_impl.h; path = libs/kazmath/include/kazmath/neon_matrix_impl.h; sourceTree = "<group>"; };
		DBEEB2A816EFF4C200B2B426 /* plane.h */ = {isa = PBXFileReference; lastKnownFileType = sourcecode.c.h; name = plane.h; path = libs/kazmath/include/kazmath/plane.h; sourceTree = "<group>"; };
		DBEEB2A916EFF4C200B2B426 /* quaternion.h */ = {isa = PBXFileReference; lastKnownFileType = sourcecode.c.h; name = quaternion.h; path = libs/kazmath/include/kazmath/quaternion.h; sourceTree = "<group>"; };
		DBEEB2AA16EFF4C200B2B426 /* ray2.h */ = {isa = PBXFileReference; lastKnownFileType = sourcecode.c.h; name = ray2.h; path = libs/kazmath/include/kazmath/ray2.h; sourceTree = "<group>"; };
		DBEEB2AB16EFF4C200B2B426 /* utility.h */ = {isa = PBXFileReference; lastKnownFileType = sourcecode.c.h; name = utility.h; path = libs/kazmath/include/kazmath/utility.h; sourceTree = "<group>"; };
		DBEEB2AC16EFF4C200B2B426 /* vec2.h */ = {isa = PBXFileReference; lastKnownFileType = sourcecode.c.h; name = vec2.h; path = libs/kazmath/include/kazmath/vec2.h; sourceTree = "<group>"; };
		DBEEB2AD16EFF4C200B2B426 /* vec3.h */ = {isa = PBXFileReference; lastKnownFileType = sourcecode.c.h; name = vec3.h; path = libs/kazmath/include/kazmath/vec3.h; sourceTree = "<group>"; };
		DBEEB2AE16EFF4C300B2B426 /* vec4.h */ = {isa = PBXFileReference; lastKnownFileType = sourcecode.c.h; name = vec4.h; path = libs/kazmath/include/kazmath/vec4.h; sourceTree = "<group>"; };
		DBEEB2B016EFF4C300B2B426 /* aabb.c */ = {isa = PBXFileReference; lastKnownFileType = sourcecode.c.c; name = aabb.c; path = libs/kazmath/src/aabb.c; sourceTree = "<group>"; };
		DBEEB2B216EFF4C300B2B426 /* ChangeLog */ = {isa = PBXFileReference; lastKnownFileType = text; name = ChangeLog; path = libs/kazmath/src/ChangeLog; sourceTree = "<group>"; };
		DBEEB2B416EFF4C300B2B426 /* CMakeLists.txt */ = {isa = PBXFileReference; lastKnownFileType = text; name = CMakeLists.txt; path = libs/kazmath/src/CMakeLists.txt; sourceTree = "<group>"; };
		DBEEB2B616EFF4C300B2B426 /* mat4stack.c */ = {isa = PBXFileReference; lastKnownFileType = sourcecode.c.c; name = mat4stack.c; path = libs/kazmath/src/GL/mat4stack.c; sourceTree = "<group>"; };
		DBEEB2B816EFF4C300B2B426 /* matrix.c */ = {isa = PBXFileReference; lastKnownFileType = sourcecode.c.c; name = matrix.c; path = libs/kazmath/src/GL/matrix.c; sourceTree = "<group>"; };
		DBEEB2BA16EFF4C300B2B426 /* mat3.c */ = {isa = PBXFileReference; lastKnownFileType = sourcecode.c.c; name = mat3.c; path = libs/kazmath/src/mat3.c; sourceTree = "<group>"; };
		DBEEB2BC16EFF4C300B2B426 /* mat4.c */ = {isa = PBXFileReference; lastKnownFileType = sourcecode.c.c; name = mat4.c; path = libs/kazmath/src/mat4.c; sourceTree = "<group>"; };
		DBEEB2BE16EFF4C300B2B426 /* neon_matrix_impl.c */ = {isa = PBXFileReference; lastKnownFileType = sourcecode.c.c; name = neon_matrix_impl.c; path = libs/kazmath/src/neon_matrix_impl.c; sourceTree = "<group>"; };
		DBEEB2C016EFF4C300B2B426 /* plane.c */ = {isa = PBXFileReference; lastKnownFileType = sourcecode.c.c; name = plane.c; path = libs/kazmath/src/plane.c; sourceTree = "<group>"; };
		DBEEB2C216EFF4C300B2B426 /* quaternion.c */ = {isa = PBXFileReference; lastKnownFileType = sourcecode.c.c; name = quaternion.c; path = libs/kazmath/src/quaternion.c; sourceTree = "<group>"; };
		DBEEB2C416EFF4C300B2B426 /* ray2.c */ = {isa = PBXFileReference; lastKnownFileType = sourcecode.c.c; name = ray2.c; path = libs/kazmath/src/ray2.c; sourceTree = "<group>"; };
		DBEEB2C616EFF4C300B2B426 /* utility.c */ = {isa = PBXFileReference; lastKnownFileType = sourcecode.c.c; name = utility.c; path = libs/kazmath/src/utility.c; sourceTree = "<group>"; };
		DBEEB2C816EFF4C300B2B426 /* vec2.c */ = {isa = PBXFileReference; lastKnownFileType = sourcecode.c.c; name = vec2.c; path = libs/kazmath/src/vec2.c; sourceTree = "<group>"; };
		DBEEB2CA16EFF4C300B2B426 /* vec3.c */ = {isa = PBXFileReference; lastKnownFileType = sourcecode.c.c; name = vec3.c; path = libs/kazmath/src/vec3.c; sourceTree = "<group>"; };
		DBEEB2CC16EFF4C300B2B426 /* vec4.c */ = {isa = PBXFileReference; lastKnownFileType = sourcecode.c.c; name = vec4.c; path = libs/kazmath/src/vec4.c; sourceTree = "<group>"; };
		DBEEB2CE16EFF4C300B2B426 /* LICENSE_Kazmath.txt */ = {isa = PBXFileReference; lastKnownFileType = text; name = LICENSE_Kazmath.txt; path = libs/LICENSE_Kazmath.txt; sourceTree = "<group>"; };
		DBEEB2D016EFF4C300B2B426 /* Prefix.pch */ = {isa = PBXFileReference; lastKnownFileType = sourcecode.c.h; path = Prefix.pch; sourceTree = "<group>"; };
		DBEEB2D116EFF4C300B2B426 /* main.m */ = {isa = PBXFileReference; lastKnownFileType = sourcecode.c.objc; path = main.m; sourceTree = "<group>"; };
		DBEEB2D316EFF4C300B2B426 /* AppDelegate.h */ = {isa = PBXFileReference; lastKnownFileType = sourcecode.c.h; path = AppDelegate.h; sourceTree = "<group>"; };
		DBEEB2D416EFF4C300B2B426 /* AppDelegate.m */ = {isa = PBXFileReference; lastKnownFileType = sourcecode.c.objc; path = AppDelegate.m; sourceTree = "<group>"; };
		DBEEB2D616EFF4C300B2B426 /* HelloWorldLayer.h */ = {isa = PBXFileReference; lastKnownFileType = sourcecode.c.h; path = HelloWorldLayer.h; sourceTree = "<group>"; };
		DBEEB2D716EFF4C300B2B426 /* HelloWorldLayer.m */ = {isa = PBXFileReference; lastKnownFileType = sourcecode.c.objc; path = HelloWorldLayer.m; sourceTree = "<group>"; };
/* End PBXFileReference section */

/* Begin PBXFrameworksBuildPhase section */
		DBEEB14A16EFF4C000B2B426 /* Frameworks */ = {
			isa = PBXFrameworksBuildPhase;
			buildActionMask = 2147483647;
			files = (
				DBEEB15116EFF4C000B2B426 /* QuartzCore.framework in Frameworks */,
				DBEEB15316EFF4C000B2B426 /* OpenGLES.framework in Frameworks */,
				DBEEB15516EFF4C000B2B426 /* OpenAL.framework in Frameworks */,
				DBEEB15716EFF4C000B2B426 /* AudioToolbox.framework in Frameworks */,
				DBEEB15916EFF4C000B2B426 /* AVFoundation.framework in Frameworks */,
				DBEEB15B16EFF4C000B2B426 /* UIKit.framework in Frameworks */,
				DBEEB15D16EFF4C000B2B426 /* Foundation.framework in Frameworks */,
				DBEEB15F16EFF4C000B2B426 /* CoreGraphics.framework in Frameworks */,
				DBEEB16116EFF4C000B2B426 /* GameKit.framework in Frameworks */,
			);
			runOnlyForDeploymentPostprocessing = 0;
		};
/* End PBXFrameworksBuildPhase section */

/* Begin PBXGroup section */
		DBEEB14416EFF4C000B2B426 = {
			isa = PBXGroup;
			children = (
				DBEEB16216EFF4C000B2B426 /* ReColoredSprite */,
				DBEEB14F16EFF4C000B2B426 /* Frameworks */,
				DBEEB14E16EFF4C000B2B426 /* Products */,
			);
			sourceTree = "<group>";
		};
		DBEEB14E16EFF4C000B2B426 /* Products */ = {
			isa = PBXGroup;
			children = (
				DBEEB14D16EFF4C000B2B426 /* ReColoredSprite.app */,
			);
			name = Products;
			sourceTree = "<group>";
		};
		DBEEB14F16EFF4C000B2B426 /* Frameworks */ = {
			isa = PBXGroup;
			children = (
				DBEEB15016EFF4C000B2B426 /* QuartzCore.framework */,
				DBEEB15216EFF4C000B2B426 /* OpenGLES.framework */,
				DBEEB15416EFF4C000B2B426 /* OpenAL.framework */,
				DBEEB15616EFF4C000B2B426 /* AudioToolbox.framework */,
				DBEEB15816EFF4C000B2B426 /* AVFoundation.framework */,
				DBEEB15A16EFF4C000B2B426 /* UIKit.framework */,
				DBEEB15C16EFF4C000B2B426 /* Foundation.framework */,
				DBEEB15E16EFF4C000B2B426 /* CoreGraphics.framework */,
				DBEEB16016EFF4C000B2B426 /* GameKit.framework */,
			);
			name = Frameworks;
			sourceTree = "<group>";
		};
		DBEEB16216EFF4C000B2B426 /* ReColoredSprite */ = {
			isa = PBXGroup;
			children = (
				DBEEB2D316EFF4C300B2B426 /* AppDelegate.h */,
				DBEEB2D416EFF4C300B2B426 /* AppDelegate.m */,
				DBEEB2D616EFF4C300B2B426 /* HelloWorldLayer.h */,
				DBEEB2D716EFF4C300B2B426 /* HelloWorldLayer.m */,
				DBEEB16316EFF4C000B2B426 /* Resources */,
				DBEEB17B16EFF4C000B2B426 /* libs */,
				DBEEB2CF16EFF4C300B2B426 /* Supporting Files */,
			);
			path = ReColoredSprite;
			sourceTree = "<group>";
		};
		DBEEB16316EFF4C000B2B426 /* Resources */ = {
			isa = PBXGroup;
			children = (
				DBEEB16416EFF4C000B2B426 /* Default.png */,
				DBEEB16616EFF4C000B2B426 /* fps_images.png */,
				DBEEB16816EFF4C000B2B426 /* fps_images-hd.png */,
				DBEEB16A16EFF4C000B2B426 /* fps_images-ipadhd.png */,
				DBEEB16C16EFF4C000B2B426 /* Icon-72.png */,
				DBEEB16E16EFF4C000B2B426 /* Icon-Small-50.png */,
				DBEEB17016EFF4C000B2B426 /* Icon-Small.png */,
				DBEEB17216EFF4C000B2B426 /* Icon-Small@2x.png */,
				DBEEB17416EFF4C000B2B426 /* Icon.png */,
				DBEEB17616EFF4C000B2B426 /* Icon@2x.png */,
				DBEEB17816EFF4C000B2B426 /* Info.plist */,
				DBEEB17916EFF4C000B2B426 /* iTunesArtwork */,
			);
			name = Resources;
			sourceTree = "<group>";
		};
		DBEEB17B16EFF4C000B2B426 /* libs */ = {
			isa = PBXGroup;
			children = (
				DBEEB28D16EFF4C200B2B426 /* LICENSE_cocos2d.txt */,
				DBEEB29C16EFF4C200B2B426 /* LICENSE_CocosDenshion.txt */,
				DBEEB2CE16EFF4C300B2B426 /* LICENSE_Kazmath.txt */,
				DBEEB17C16EFF4C000B2B426 /* cocos2d */,
				DBEEB28E16EFF4C200B2B426 /* CocosDenshion */,
				DBEEB29D16EFF4C200B2B426 /* kazmath */,
			);
			name = libs;
			sourceTree = "<group>";
		};
		DBEEB17C16EFF4C000B2B426 /* cocos2d */ = {
			isa = PBXGroup;
			children = (
				DBEEB17D16EFF4C000B2B426 /* CCAction.h */,
				DBEEB17E16EFF4C000B2B426 /* CCAction.m */,
				DBEEB18016EFF4C000B2B426 /* CCActionCamera.h */,
				DBEEB18116EFF4C000B2B426 /* CCActionCamera.m */,
				DBEEB18316EFF4C000B2B426 /* CCActionCatmullRom.h */,
				DBEEB18416EFF4C000B2B426 /* CCActionCatmullRom.m */,
				DBEEB18616EFF4C000B2B426 /* CCActionEase.h */,
				DBEEB18716EFF4C000B2B426 /* CCActionEase.m */,
				DBEEB18916EFF4C000B2B426 /* CCActionGrid.h */,
				DBEEB18A16EFF4C000B2B426 /* CCActionGrid.m */,
				DBEEB18C16EFF4C000B2B426 /* CCActionGrid3D.h */,
				DBEEB18D16EFF4C000B2B426 /* CCActionGrid3D.m */,
				DBEEB18F16EFF4C000B2B426 /* CCActionInstant.h */,
				DBEEB19016EFF4C000B2B426 /* CCActionInstant.m */,
				DBEEB19216EFF4C000B2B426 /* CCActionInterval.h */,
				DBEEB19316EFF4C000B2B426 /* CCActionInterval.m */,
				DBEEB19516EFF4C000B2B426 /* CCActionManager.h */,
				DBEEB19616EFF4C000B2B426 /* CCActionManager.m */,
				DBEEB19816EFF4C000B2B426 /* CCActionPageTurn3D.h */,
				DBEEB19916EFF4C000B2B426 /* CCActionPageTurn3D.m */,
				DBEEB19B16EFF4C000B2B426 /* CCActionProgressTimer.h */,
				DBEEB19C16EFF4C000B2B426 /* CCActionProgressTimer.m */,
				DBEEB19E16EFF4C000B2B426 /* CCActionTiledGrid.h */,
				DBEEB19F16EFF4C100B2B426 /* CCActionTiledGrid.m */,
				DBEEB1A116EFF4C100B2B426 /* CCActionTween.h */,
				DBEEB1A216EFF4C100B2B426 /* CCActionTween.m */,
				DBEEB1A416EFF4C100B2B426 /* CCAnimation.h */,
				DBEEB1A516EFF4C100B2B426 /* CCAnimation.m */,
				DBEEB1A716EFF4C100B2B426 /* CCAnimationCache.h */,
				DBEEB1A816EFF4C100B2B426 /* CCAnimationCache.m */,
				DBEEB1AA16EFF4C100B2B426 /* CCAtlasNode.h */,
				DBEEB1AB16EFF4C100B2B426 /* CCAtlasNode.m */,
				DBEEB1AD16EFF4C100B2B426 /* CCCamera.h */,
				DBEEB1AE16EFF4C100B2B426 /* CCCamera.m */,
				DBEEB1B016EFF4C100B2B426 /* ccConfig.h */,
				DBEEB1B116EFF4C100B2B426 /* CCConfiguration.h */,
				DBEEB1B216EFF4C100B2B426 /* CCConfiguration.m */,
				DBEEB1B416EFF4C100B2B426 /* ccDeprecated.h */,
				DBEEB1B516EFF4C100B2B426 /* ccDeprecated.m */,
				DBEEB1B716EFF4C100B2B426 /* CCDirector.h */,
				DBEEB1B816EFF4C100B2B426 /* CCDirector.m */,
				DBEEB1BA16EFF4C100B2B426 /* CCDrawingPrimitives.h */,
				DBEEB1BB16EFF4C100B2B426 /* CCDrawingPrimitives.m */,
				DBEEB1BD16EFF4C100B2B426 /* CCGLProgram.h */,
				DBEEB1BE16EFF4C100B2B426 /* CCGLProgram.m */,
				DBEEB1C016EFF4C100B2B426 /* ccGLStateCache.h */,
				DBEEB1C116EFF4C100B2B426 /* ccGLStateCache.m */,
				DBEEB1C316EFF4C100B2B426 /* CCGrabber.h */,
				DBEEB1C416EFF4C100B2B426 /* CCGrabber.m */,
				DBEEB1C616EFF4C100B2B426 /* CCGrid.h */,
				DBEEB1C716EFF4C100B2B426 /* CCGrid.m */,
				DBEEB1C916EFF4C100B2B426 /* CCLabelAtlas.h */,
				DBEEB1CA16EFF4C100B2B426 /* CCLabelAtlas.m */,
				DBEEB1CC16EFF4C100B2B426 /* CCLabelBMFont.h */,
				DBEEB1CD16EFF4C100B2B426 /* CCLabelBMFont.m */,
				DBEEB1CF16EFF4C100B2B426 /* CCLabelTTF.h */,
				DBEEB1D016EFF4C100B2B426 /* CCLabelTTF.m */,
				DBEEB1D216EFF4C100B2B426 /* CCLayer.h */,
				DBEEB1D316EFF4C100B2B426 /* CCLayer.m */,
				DBEEB1D516EFF4C100B2B426 /* ccMacros.h */,
				DBEEB1D616EFF4C100B2B426 /* CCMenu.h */,
				DBEEB1D716EFF4C100B2B426 /* CCMenu.m */,
				DBEEB1D916EFF4C100B2B426 /* CCMenuItem.h */,
				DBEEB1DA16EFF4C100B2B426 /* CCMenuItem.m */,
				DBEEB1DC16EFF4C100B2B426 /* CCMotionStreak.h */,
				DBEEB1DD16EFF4C100B2B426 /* CCMotionStreak.m */,
				DBEEB1DF16EFF4C100B2B426 /* CCNode.h */,
				DBEEB1E016EFF4C100B2B426 /* CCNode.m */,
				DBEEB1E216EFF4C100B2B426 /* CCParallaxNode.h */,
				DBEEB1E316EFF4C100B2B426 /* CCParallaxNode.m */,
				DBEEB1E516EFF4C100B2B426 /* CCParticleBatchNode.h */,
				DBEEB1E616EFF4C100B2B426 /* CCParticleBatchNode.m */,
				DBEEB1E816EFF4C100B2B426 /* CCParticleExamples.h */,
				DBEEB1E916EFF4C100B2B426 /* CCParticleExamples.m */,
				DBEEB1EB16EFF4C100B2B426 /* CCParticleSystem.h */,
				DBEEB1EC16EFF4C100B2B426 /* CCParticleSystem.m */,
				DBEEB1EE16EFF4C100B2B426 /* CCParticleSystemQuad.h */,
				DBEEB1EF16EFF4C100B2B426 /* CCParticleSystemQuad.m */,
				DBEEB1F116EFF4C100B2B426 /* CCProgressTimer.h */,
				DBEEB1F216EFF4C100B2B426 /* CCProgressTimer.m */,
				DBEEB1F416EFF4C100B2B426 /* CCProtocols.h */,
				DBEEB1F516EFF4C100B2B426 /* CCRenderTexture.h */,
				DBEEB1F616EFF4C100B2B426 /* CCRenderTexture.m */,
				DBEEB1F816EFF4C100B2B426 /* CCScene.h */,
				DBEEB1F916EFF4C100B2B426 /* CCScene.m */,
				DBEEB1FB16EFF4C100B2B426 /* CCScheduler.h */,
				DBEEB1FC16EFF4C100B2B426 /* CCScheduler.m */,
				DBEEB1FE16EFF4C100B2B426 /* ccShader_Position_uColor_frag.h */,
				DBEEB1FF16EFF4C100B2B426 /* ccShader_Position_uColor_vert.h */,
				DBEEB20016EFF4C100B2B426 /* ccShader_PositionColor_frag.h */,
				DBEEB20116EFF4C100B2B426 /* ccShader_PositionColor_vert.h */,
				DBEEB20216EFF4C100B2B426 /* ccShader_PositionTexture_frag.h */,
				DBEEB20316EFF4C100B2B426 /* ccShader_PositionTexture_uColor_frag.h */,
				DBEEB20416EFF4C100B2B426 /* ccShader_PositionTexture_uColor_vert.h */,
				DBEEB20516EFF4C100B2B426 /* ccShader_PositionTexture_vert.h */,
				DBEEB20616EFF4C100B2B426 /* ccShader_PositionTextureA8Color_frag.h */,
				DBEEB20716EFF4C100B2B426 /* ccShader_PositionTextureA8Color_vert.h */,
				DBEEB20816EFF4C100B2B426 /* ccShader_PositionTextureColor_frag.h */,
				DBEEB20916EFF4C100B2B426 /* ccShader_PositionTextureColor_vert.h */,
				DBEEB20A16EFF4C100B2B426 /* ccShader_PositionTextureColorAlphaTest_frag.h */,
				DBEEB20B16EFF4C100B2B426 /* CCShaderCache.h */,
				DBEEB20C16EFF4C100B2B426 /* CCShaderCache.m */,
				DBEEB20E16EFF4C100B2B426 /* ccShaders.h */,
				DBEEB20F16EFF4C100B2B426 /* ccShaders.m */,
				DBEEB21116EFF4C100B2B426 /* CCSprite.h */,
				DBEEB21216EFF4C100B2B426 /* CCSprite.m */,
				DBEEB21416EFF4C100B2B426 /* CCSpriteBatchNode.h */,
				DBEEB21516EFF4C100B2B426 /* CCSpriteBatchNode.m */,
				DBEEB21716EFF4C100B2B426 /* CCSpriteFrame.h */,
				DBEEB21816EFF4C100B2B426 /* CCSpriteFrame.m */,
				DBEEB21A16EFF4C100B2B426 /* CCSpriteFrameCache.h */,
				DBEEB21B16EFF4C100B2B426 /* CCSpriteFrameCache.m */,
				DBEEB21D16EFF4C100B2B426 /* CCTexture2D.h */,
				DBEEB21E16EFF4C100B2B426 /* CCTexture2D.m */,
				DBEEB22016EFF4C100B2B426 /* CCTextureAtlas.h */,
				DBEEB22116EFF4C100B2B426 /* CCTextureAtlas.m */,
				DBEEB22316EFF4C200B2B426 /* CCTextureCache.h */,
				DBEEB22416EFF4C200B2B426 /* CCTextureCache.m */,
				DBEEB22616EFF4C200B2B426 /* CCTexturePVR.h */,
				DBEEB22716EFF4C200B2B426 /* CCTexturePVR.m */,
				DBEEB22916EFF4C200B2B426 /* CCTileMapAtlas.h */,
				DBEEB22A16EFF4C200B2B426 /* CCTileMapAtlas.m */,
				DBEEB22C16EFF4C200B2B426 /* CCTMXLayer.h */,
				DBEEB22D16EFF4C200B2B426 /* CCTMXLayer.m */,
				DBEEB22F16EFF4C200B2B426 /* CCTMXObjectGroup.h */,
				DBEEB23016EFF4C200B2B426 /* CCTMXObjectGroup.m */,
				DBEEB23216EFF4C200B2B426 /* CCTMXTiledMap.h */,
				DBEEB23316EFF4C200B2B426 /* CCTMXTiledMap.m */,
				DBEEB23516EFF4C200B2B426 /* CCTMXXMLParser.h */,
				DBEEB23616EFF4C200B2B426 /* CCTMXXMLParser.m */,
				DBEEB23816EFF4C200B2B426 /* CCTransition.h */,
				DBEEB23916EFF4C200B2B426 /* CCTransition.m */,
				DBEEB23B16EFF4C200B2B426 /* CCTransitionPageTurn.h */,
				DBEEB23C16EFF4C200B2B426 /* CCTransitionPageTurn.m */,
				DBEEB23E16EFF4C200B2B426 /* CCTransitionProgress.h */,
				DBEEB23F16EFF4C200B2B426 /* CCTransitionProgress.m */,
				DBEEB24116EFF4C200B2B426 /* ccTypes.h */,
				DBEEB24216EFF4C200B2B426 /* cocos2d.h */,
				DBEEB24316EFF4C200B2B426 /* cocos2d.m */,
				DBEEB24516EFF4C200B2B426 /* Platforms */,
				DBEEB26716EFF4C200B2B426 /* Support */,
			);
			name = cocos2d;
			sourceTree = "<group>";
		};
		DBEEB24516EFF4C200B2B426 /* Platforms */ = {
			isa = PBXGroup;
			children = (
				DBEEB24616EFF4C200B2B426 /* CCGL.h */,
				DBEEB24716EFF4C200B2B426 /* CCNS.h */,
				DBEEB24816EFF4C200B2B426 /* iOS */,
				DBEEB25A16EFF4C200B2B426 /* Mac */,
			);
			name = Platforms;
			sourceTree = "<group>";
		};
		DBEEB24816EFF4C200B2B426 /* iOS */ = {
			isa = PBXGroup;
			children = (
				DBEEB24916EFF4C200B2B426 /* CCDirectorIOS.h */,
				DBEEB24A16EFF4C200B2B426 /* CCDirectorIOS.m */,
				DBEEB24C16EFF4C200B2B426 /* CCES2Renderer.h */,
				DBEEB24D16EFF4C200B2B426 /* CCES2Renderer.m */,
				DBEEB24F16EFF4C200B2B426 /* CCESRenderer.h */,
				DBEEB25016EFF4C200B2B426 /* CCGLView.h */,
				DBEEB25116EFF4C200B2B426 /* CCGLView.m */,
				DBEEB25316EFF4C200B2B426 /* CCTouchDelegateProtocol.h */,
				DBEEB25416EFF4C200B2B426 /* CCTouchDispatcher.h */,
				DBEEB25516EFF4C200B2B426 /* CCTouchDispatcher.m */,
				DBEEB25716EFF4C200B2B426 /* CCTouchHandler.h */,
				DBEEB25816EFF4C200B2B426 /* CCTouchHandler.m */,
			);
			name = iOS;
			sourceTree = "<group>";
		};
		DBEEB25A16EFF4C200B2B426 /* Mac */ = {
			isa = PBXGroup;
			children = (
				DBEEB25B16EFF4C200B2B426 /* CCDirectorMac.h */,
				DBEEB25C16EFF4C200B2B426 /* CCDirectorMac.m */,
				DBEEB25E16EFF4C200B2B426 /* CCEventDispatcher.h */,
				DBEEB25F16EFF4C200B2B426 /* CCEventDispatcher.m */,
				DBEEB26116EFF4C200B2B426 /* CCGLView.h */,
				DBEEB26216EFF4C200B2B426 /* CCGLView.m */,
				DBEEB26416EFF4C200B2B426 /* CCWindow.h */,
				DBEEB26516EFF4C200B2B426 /* CCWindow.m */,
			);
			name = Mac;
			sourceTree = "<group>";
		};
		DBEEB26716EFF4C200B2B426 /* Support */ = {
			isa = PBXGroup;
			children = (
				DBEEB26816EFF4C200B2B426 /* base64.c */,
				DBEEB26A16EFF4C200B2B426 /* base64.h */,
				DBEEB26B16EFF4C200B2B426 /* CCArray.h */,
				DBEEB26C16EFF4C200B2B426 /* CCArray.m */,
				DBEEB26E16EFF4C200B2B426 /* ccCArray.h */,
				DBEEB26F16EFF4C200B2B426 /* CCFileUtils.h */,
				DBEEB27016EFF4C200B2B426 /* CCFileUtils.m */,
				DBEEB27216EFF4C200B2B426 /* CCProfiling.h */,
				DBEEB27316EFF4C200B2B426 /* CCProfiling.m */,
				DBEEB27516EFF4C200B2B426 /* ccUtils.c */,
				DBEEB27716EFF4C200B2B426 /* ccUtils.h */,
				DBEEB27816EFF4C200B2B426 /* CCVertex.h */,
				DBEEB27916EFF4C200B2B426 /* CCVertex.m */,
				DBEEB27B16EFF4C200B2B426 /* CGPointExtension.h */,
				DBEEB27C16EFF4C200B2B426 /* CGPointExtension.m */,
				DBEEB27E16EFF4C200B2B426 /* NSThread+performBlock.h */,
				DBEEB27F16EFF4C200B2B426 /* NSThread+performBlock.m */,
				DBEEB28116EFF4C200B2B426 /* OpenGL_Internal.h */,
				DBEEB28216EFF4C200B2B426 /* TGAlib.h */,
				DBEEB28316EFF4C200B2B426 /* TGAlib.m */,
				DBEEB28516EFF4C200B2B426 /* TransformUtils.h */,
				DBEEB28616EFF4C200B2B426 /* TransformUtils.m */,
				DBEEB28816EFF4C200B2B426 /* uthash.h */,
				DBEEB28916EFF4C200B2B426 /* utlist.h */,
				DBEEB28A16EFF4C200B2B426 /* ZipUtils.h */,
				DBEEB28B16EFF4C200B2B426 /* ZipUtils.m */,
			);
			name = Support;
			sourceTree = "<group>";
		};
		DBEEB28E16EFF4C200B2B426 /* CocosDenshion */ = {
			isa = PBXGroup;
			children = (
				DBEEB28F16EFF4C200B2B426 /* CDAudioManager.h */,
				DBEEB29016EFF4C200B2B426 /* CDAudioManager.m */,
				DBEEB29216EFF4C200B2B426 /* CDConfig.h */,
				DBEEB29316EFF4C200B2B426 /* CDOpenALSupport.h */,
				DBEEB29416EFF4C200B2B426 /* CDOpenALSupport.m */,
				DBEEB29616EFF4C200B2B426 /* CocosDenshion.h */,
				DBEEB29716EFF4C200B2B426 /* CocosDenshion.m */,
				DBEEB29916EFF4C200B2B426 /* SimpleAudioEngine.h */,
				DBEEB29A16EFF4C200B2B426 /* SimpleAudioEngine.m */,
			);
			name = CocosDenshion;
			sourceTree = "<group>";
		};
		DBEEB29D16EFF4C200B2B426 /* kazmath */ = {
			isa = PBXGroup;
			children = (
				DBEEB29E16EFF4C200B2B426 /* include */,
				DBEEB2AF16EFF4C300B2B426 /* src */,
			);
			name = kazmath;
			sourceTree = "<group>";
		};
		DBEEB29E16EFF4C200B2B426 /* include */ = {
			isa = PBXGroup;
			children = (
				DBEEB29F16EFF4C200B2B426 /* kazmath */,
			);
			name = include;
			sourceTree = "<group>";
		};
		DBEEB29F16EFF4C200B2B426 /* kazmath */ = {
			isa = PBXGroup;
			children = (
				DBEEB2A016EFF4C200B2B426 /* aabb.h */,
				DBEEB2A416EFF4C200B2B426 /* kazmath.h */,
				DBEEB2A516EFF4C200B2B426 /* mat3.h */,
				DBEEB2A616EFF4C200B2B426 /* mat4.h */,
				DBEEB2A716EFF4C200B2B426 /* neon_matrix_impl.h */,
				DBEEB2A816EFF4C200B2B426 /* plane.h */,
				DBEEB2A916EFF4C200B2B426 /* quaternion.h */,
				DBEEB2AA16EFF4C200B2B426 /* ray2.h */,
				DBEEB2AB16EFF4C200B2B426 /* utility.h */,
				DBEEB2AC16EFF4C200B2B426 /* vec2.h */,
				DBEEB2AD16EFF4C200B2B426 /* vec3.h */,
				DBEEB2AE16EFF4C300B2B426 /* vec4.h */,
				DBEEB2A116EFF4C200B2B426 /* GL */,
			);
			name = kazmath;
			sourceTree = "<group>";
		};
		DBEEB2A116EFF4C200B2B426 /* GL */ = {
			isa = PBXGroup;
			children = (
				DBEEB2A216EFF4C200B2B426 /* mat4stack.h */,
				DBEEB2A316EFF4C200B2B426 /* matrix.h */,
			);
			name = GL;
			sourceTree = "<group>";
		};
		DBEEB2AF16EFF4C300B2B426 /* src */ = {
			isa = PBXGroup;
			children = (
				DBEEB2B016EFF4C300B2B426 /* aabb.c */,
				DBEEB2B216EFF4C300B2B426 /* ChangeLog */,
				DBEEB2B416EFF4C300B2B426 /* CMakeLists.txt */,
				DBEEB2BA16EFF4C300B2B426 /* mat3.c */,
				DBEEB2BC16EFF4C300B2B426 /* mat4.c */,
				DBEEB2BE16EFF4C300B2B426 /* neon_matrix_impl.c */,
				DBEEB2C016EFF4C300B2B426 /* plane.c */,
				DBEEB2C216EFF4C300B2B426 /* quaternion.c */,
				DBEEB2C416EFF4C300B2B426 /* ray2.c */,
				DBEEB2C616EFF4C300B2B426 /* utility.c */,
				DBEEB2C816EFF4C300B2B426 /* vec2.c */,
				DBEEB2CA16EFF4C300B2B426 /* vec3.c */,
				DBEEB2CC16EFF4C300B2B426 /* vec4.c */,
				DBEEB2B516EFF4C300B2B426 /* GL */,
			);
			name = src;
			sourceTree = "<group>";
		};
		DBEEB2B516EFF4C300B2B426 /* GL */ = {
			isa = PBXGroup;
			children = (
				DBEEB2B616EFF4C300B2B426 /* mat4stack.c */,
				DBEEB2B816EFF4C300B2B426 /* matrix.c */,
			);
			name = GL;
			sourceTree = "<group>";
		};
		DBEEB2CF16EFF4C300B2B426 /* Supporting Files */ = {
			isa = PBXGroup;
			children = (
				DBEEB2D016EFF4C300B2B426 /* Prefix.pch */,
				DBEEB2D116EFF4C300B2B426 /* main.m */,
			);
			name = "Supporting Files";
			sourceTree = "<group>";
		};
/* End PBXGroup section */

/* Begin PBXNativeTarget section */
		DBEEB14C16EFF4C000B2B426 /* ReColoredSprite */ = {
			isa = PBXNativeTarget;
			buildConfigurationList = DBEEB2DB16EFF4C300B2B426 /* Build configuration list for PBXNativeTarget "ReColoredSprite" */;
			buildPhases = (
				DBEEB14916EFF4C000B2B426 /* Sources */,
				DBEEB14A16EFF4C000B2B426 /* Frameworks */,
				DBEEB14B16EFF4C000B2B426 /* Resources */,
			);
			buildRules = (
			);
			dependencies = (
			);
			name = ReColoredSprite;
			productName = ReColoredSprite;
			productReference = DBEEB14D16EFF4C000B2B426 /* ReColoredSprite.app */;
			productType = "com.apple.product-type.application";
		};
/* End PBXNativeTarget section */

/* Begin PBXProject section */
		DBEEB14516EFF4C000B2B426 /* Project object */ = {
			isa = PBXProject;
			attributes = {
				LastUpgradeCheck = 0460;
			};
			buildConfigurationList = DBEEB14816EFF4C000B2B426 /* Build configuration list for PBXProject "ReColoredSprite" */;
			compatibilityVersion = "Xcode 3.2";
			developmentRegion = English;
			hasScannedForEncodings = 0;
			knownRegions = (
				en,
			);
			mainGroup = DBEEB14416EFF4C000B2B426;
			productRefGroup = DBEEB14E16EFF4C000B2B426 /* Products */;
			projectDirPath = "";
			projectRoot = "";
			targets = (
				DBEEB14C16EFF4C000B2B426 /* ReColoredSprite */,
			);
		};
/* End PBXProject section */

/* Begin PBXResourcesBuildPhase section */
		DBEEB14B16EFF4C000B2B426 /* Resources */ = {
			isa = PBXResourcesBuildPhase;
			buildActionMask = 2147483647;
			files = (
				DBEEB16516EFF4C000B2B426 /* Default.png in Resources */,
				DBEEB16716EFF4C000B2B426 /* fps_images.png in Resources */,
				DBEEB16916EFF4C000B2B426 /* fps_images-hd.png in Resources */,
				DBEEB16B16EFF4C000B2B426 /* fps_images-ipadhd.png in Resources */,
				DBEEB16D16EFF4C000B2B426 /* Icon-72.png in Resources */,
				DBEEB16F16EFF4C000B2B426 /* Icon-Small-50.png in Resources */,
				DBEEB17116EFF4C000B2B426 /* Icon-Small.png in Resources */,
				DBEEB17316EFF4C000B2B426 /* Icon-Small@2x.png in Resources */,
				DBEEB17516EFF4C000B2B426 /* Icon.png in Resources */,
				DBEEB17716EFF4C000B2B426 /* Icon@2x.png in Resources */,
				DBEEB17A16EFF4C000B2B426 /* iTunesArtwork in Resources */,
				DBEEB2B316EFF4C300B2B426 /* ChangeLog in Resources */,
			);
			runOnlyForDeploymentPostprocessing = 0;
		};
/* End PBXResourcesBuildPhase section */

/* Begin PBXSourcesBuildPhase section */
		DBEEB14916EFF4C000B2B426 /* Sources */ = {
			isa = PBXSourcesBuildPhase;
			buildActionMask = 2147483647;
			files = (
				DBEEB17F16EFF4C000B2B426 /* CCAction.m in Sources */,
				DBEEB18216EFF4C000B2B426 /* CCActionCamera.m in Sources */,
				DBEEB18516EFF4C000B2B426 /* CCActionCatmullRom.m in Sources */,
				DBEEB18816EFF4C000B2B426 /* CCActionEase.m in Sources */,
				DBEEB18B16EFF4C000B2B426 /* CCActionGrid.m in Sources */,
				DBEEB18E16EFF4C000B2B426 /* CCActionGrid3D.m in Sources */,
				DBEEB19116EFF4C000B2B426 /* CCActionInstant.m in Sources */,
				DBEEB19416EFF4C000B2B426 /* CCActionInterval.m in Sources */,
				DBEEB19716EFF4C000B2B426 /* CCActionManager.m in Sources */,
				DBEEB19A16EFF4C000B2B426 /* CCActionPageTurn3D.m in Sources */,
				DBEEB19D16EFF4C000B2B426 /* CCActionProgressTimer.m in Sources */,
				DBEEB1A016EFF4C100B2B426 /* CCActionTiledGrid.m in Sources */,
				DBEEB1A316EFF4C100B2B426 /* CCActionTween.m in Sources */,
				DBEEB1A616EFF4C100B2B426 /* CCAnimation.m in Sources */,
				DBEEB1A916EFF4C100B2B426 /* CCAnimationCache.m in Sources */,
				DBEEB1AC16EFF4C100B2B426 /* CCAtlasNode.m in Sources */,
				DBEEB1AF16EFF4C100B2B426 /* CCCamera.m in Sources */,
				DBEEB1B316EFF4C100B2B426 /* CCConfiguration.m in Sources */,
				DBEEB1B616EFF4C100B2B426 /* ccDeprecated.m in Sources */,
				DBEEB1B916EFF4C100B2B426 /* CCDirector.m in Sources */,
				DBEEB1BC16EFF4C100B2B426 /* CCDrawingPrimitives.m in Sources */,
				DBEEB1BF16EFF4C100B2B426 /* CCGLProgram.m in Sources */,
				DBEEB1C216EFF4C100B2B426 /* ccGLStateCache.m in Sources */,
				DBEEB1C516EFF4C100B2B426 /* CCGrabber.m in Sources */,
				DBEEB1C816EFF4C100B2B426 /* CCGrid.m in Sources */,
				DBEEB1CB16EFF4C100B2B426 /* CCLabelAtlas.m in Sources */,
				DBEEB1CE16EFF4C100B2B426 /* CCLabelBMFont.m in Sources */,
				DBEEB1D116EFF4C100B2B426 /* CCLabelTTF.m in Sources */,
				DBEEB1D416EFF4C100B2B426 /* CCLayer.m in Sources */,
				DBEEB1D816EFF4C100B2B426 /* CCMenu.m in Sources */,
				DBEEB1DB16EFF4C100B2B426 /* CCMenuItem.m in Sources */,
				DBEEB1DE16EFF4C100B2B426 /* CCMotionStreak.m in Sources */,
				DBEEB1E116EFF4C100B2B426 /* CCNode.m in Sources */,
				DBEEB1E416EFF4C100B2B426 /* CCParallaxNode.m in Sources */,
				DBEEB1E716EFF4C100B2B426 /* CCParticleBatchNode.m in Sources */,
				DBEEB1EA16EFF4C100B2B426 /* CCParticleExamples.m in Sources */,
				DBEEB1ED16EFF4C100B2B426 /* CCParticleSystem.m in Sources */,
				DBEEB1F016EFF4C100B2B426 /* CCParticleSystemQuad.m in Sources */,
				DBEEB1F316EFF4C100B2B426 /* CCProgressTimer.m in Sources */,
				DBEEB1F716EFF4C100B2B426 /* CCRenderTexture.m in Sources */,
				DBEEB1FA16EFF4C100B2B426 /* CCScene.m in Sources */,
				DBEEB1FD16EFF4C100B2B426 /* CCScheduler.m in Sources */,
				DBEEB20D16EFF4C100B2B426 /* CCShaderCache.m in Sources */,
				DBEEB21016EFF4C100B2B426 /* ccShaders.m in Sources */,
				DBEEB21316EFF4C100B2B426 /* CCSprite.m in Sources */,
				DBEEB21616EFF4C100B2B426 /* CCSpriteBatchNode.m in Sources */,
				DBEEB21916EFF4C100B2B426 /* CCSpriteFrame.m in Sources */,
				DBEEB21C16EFF4C100B2B426 /* CCSpriteFrameCache.m in Sources */,
				DBEEB21F16EFF4C100B2B426 /* CCTexture2D.m in Sources */,
				DBEEB22216EFF4C100B2B426 /* CCTextureAtlas.m in Sources */,
				DBEEB22516EFF4C200B2B426 /* CCTextureCache.m in Sources */,
				DBEEB22816EFF4C200B2B426 /* CCTexturePVR.m in Sources */,
				DBEEB22B16EFF4C200B2B426 /* CCTileMapAtlas.m in Sources */,
				DBEEB22E16EFF4C200B2B426 /* CCTMXLayer.m in Sources */,
				DBEEB23116EFF4C200B2B426 /* CCTMXObjectGroup.m in Sources */,
				DBEEB23416EFF4C200B2B426 /* CCTMXTiledMap.m in Sources */,
				DBEEB23716EFF4C200B2B426 /* CCTMXXMLParser.m in Sources */,
				DBEEB23A16EFF4C200B2B426 /* CCTransition.m in Sources */,
				DBEEB23D16EFF4C200B2B426 /* CCTransitionPageTurn.m in Sources */,
				DBEEB24016EFF4C200B2B426 /* CCTransitionProgress.m in Sources */,
				DBEEB24416EFF4C200B2B426 /* cocos2d.m in Sources */,
				DBEEB24B16EFF4C200B2B426 /* CCDirectorIOS.m in Sources */,
				DBEEB24E16EFF4C200B2B426 /* CCES2Renderer.m in Sources */,
				DBEEB25216EFF4C200B2B426 /* CCGLView.m in Sources */,
				DBEEB25616EFF4C200B2B426 /* CCTouchDispatcher.m in Sources */,
				DBEEB25916EFF4C200B2B426 /* CCTouchHandler.m in Sources */,
				DBEEB25D16EFF4C200B2B426 /* CCDirectorMac.m in Sources */,
				DBEEB26016EFF4C200B2B426 /* CCEventDispatcher.m in Sources */,
				DBEEB26316EFF4C200B2B426 /* CCGLView.m in Sources */,
				DBEEB26616EFF4C200B2B426 /* CCWindow.m in Sources */,
				DBEEB26916EFF4C200B2B426 /* base64.c in Sources */,
				DBEEB26D16EFF4C200B2B426 /* CCArray.m in Sources */,
				DBEEB27116EFF4C200B2B426 /* CCFileUtils.m in Sources */,
				DBEEB27416EFF4C200B2B426 /* CCProfiling.m in Sources */,
				DBEEB27616EFF4C200B2B426 /* ccUtils.c in Sources */,
				DBEEB27A16EFF4C200B2B426 /* CCVertex.m in Sources */,
				DBEEB27D16EFF4C200B2B426 /* CGPointExtension.m in Sources */,
				DBEEB28016EFF4C200B2B426 /* NSThread+performBlock.m in Sources */,
				DBEEB28416EFF4C200B2B426 /* TGAlib.m in Sources */,
				DBEEB28716EFF4C200B2B426 /* TransformUtils.m in Sources */,
				DBEEB28C16EFF4C200B2B426 /* ZipUtils.m in Sources */,
				DBEEB29116EFF4C200B2B426 /* CDAudioManager.m in Sources */,
				DBEEB29516EFF4C200B2B426 /* CDOpenALSupport.m in Sources */,
				DBEEB29816EFF4C200B2B426 /* CocosDenshion.m in Sources */,
				DBEEB29B16EFF4C200B2B426 /* SimpleAudioEngine.m in Sources */,
				DBEEB2B116EFF4C300B2B426 /* aabb.c in Sources */,
				DBEEB2B716EFF4C300B2B426 /* mat4stack.c in Sources */,
				DBEEB2B916EFF4C300B2B426 /* matrix.c in Sources */,
				DBEEB2BB16EFF4C300B2B426 /* mat3.c in Sources */,
				DBEEB2BD16EFF4C300B2B426 /* mat4.c in Sources */,
				DBEEB2BF16EFF4C300B2B426 /* neon_matrix_impl.c in Sources */,
				DBEEB2C116EFF4C300B2B426 /* plane.c in Sources */,
				DBEEB2C316EFF4C300B2B426 /* quaternion.c in Sources */,
				DBEEB2C516EFF4C300B2B426 /* ray2.c in Sources */,
				DBEEB2C716EFF4C300B2B426 /* utility.c in Sources */,
				DBEEB2C916EFF4C300B2B426 /* vec2.c in Sources */,
				DBEEB2CB16EFF4C300B2B426 /* vec3.c in Sources */,
				DBEEB2CD16EFF4C300B2B426 /* vec4.c in Sources */,
				DBEEB2D216EFF4C300B2B426 /* main.m in Sources */,
				DBEEB2D516EFF4C300B2B426 /* AppDelegate.m in Sources */,
				DBEEB2D816EFF4C300B2B426 /* HelloWorldLayer.m in Sources */,
			);
			runOnlyForDeploymentPostprocessing = 0;
		};
/* End PBXSourcesBuildPhase section */

/* Begin XCBuildConfiguration section */
		DBEEB2D916EFF4C300B2B426 /* Debug */ = {
			isa = XCBuildConfiguration;
			buildSettings = {
				ARCHS = "$(ARCHS_STANDARD_32_BIT)";
				"CODE_SIGN_IDENTITY[sdk=iphoneos*]" = "iPhone Developer";
				GCC_C_LANGUAGE_STANDARD = gnu99;
				GCC_OPTIMIZATION_LEVEL = 0;
				GCC_PREPROCESSOR_DEFINITIONS = (
					DEBUG,
					"COCOS2D_DEBUG=1",
				);
				GCC_SYMBOLS_PRIVATE_EXTERN = NO;
				GCC_VERSION = com.apple.compilers.llvm.clang.1_0;
				GCC_WARN_ABOUT_RETURN_TYPE = YES;
				GCC_WARN_UNUSED_VARIABLE = YES;
				IPHONEOS_DEPLOYMENT_TARGET = 4.0;
				SDKROOT = iphoneos;
				TARGETED_DEVICE_FAMILY = 1;
			};
			name = Debug;
		};
		DBEEB2DA16EFF4C300B2B426 /* Release */ = {
			isa = XCBuildConfiguration;
			buildSettings = {
				ARCHS = "$(ARCHS_STANDARD_32_BIT)";
				"CODE_SIGN_IDENTITY[sdk=iphoneos*]" = "iPhone Developer";
				GCC_C_LANGUAGE_STANDARD = gnu99;
				GCC_PREPROCESSOR_DEFINITIONS = (
					NDEBUG,
					"NS_BLOCK_ASSERTIONS=1",
				);
				GCC_VERSION = com.apple.compilers.llvm.clang.1_0;
				GCC_WARN_ABOUT_RETURN_TYPE = YES;
				GCC_WARN_UNUSED_VARIABLE = YES;
				IPHONEOS_DEPLOYMENT_TARGET = 4.0;
				SDKROOT = iphoneos;
				TARGETED_DEVICE_FAMILY = 1;
			};
			name = Release;
		};
		DBEEB2DC16EFF4C300B2B426 /* Debug */ = {
			isa = XCBuildConfiguration;
			buildSettings = {
				ALWAYS_SEARCH_USER_PATHS = NO;
				COPY_PHASE_STRIP = NO;
				GCC_DYNAMIC_NO_PIC = NO;
				GCC_PRECOMPILE_PREFIX_HEADER = YES;
				GCC_PREFIX_HEADER = ReColoredSprite/Prefix.pch;
				HEADER_SEARCH_PATHS = "\"ReColoredSprite/libs/kazmath/include\"";
				INFOPLIST_FILE = ReColoredSprite/Resources/Info.plist;
				OTHER_LDFLAGS = (
					"-lz",
					"-ObjC",
				);
				PRODUCT_NAME = "$(TARGET_NAME)";
				WRAPPER_EXTENSION = app;
			};
			name = Debug;
		};
		DBEEB2DD16EFF4C300B2B426 /* Release */ = {
			isa = XCBuildConfiguration;
			buildSettings = {
				ALWAYS_SEARCH_USER_PATHS = NO;
				COPY_PHASE_STRIP = YES;
				GCC_PRECOMPILE_PREFIX_HEADER = YES;
				GCC_PREFIX_HEADER = ReColoredSprite/Prefix.pch;
				HEADER_SEARCH_PATHS = "\"ReColoredSprite/libs/kazmath/include\"";
				INFOPLIST_FILE = ReColoredSprite/Resources/Info.plist;
				OTHER_LDFLAGS = (
					"-lz",
					"-ObjC",
				);
				PRODUCT_NAME = "$(TARGET_NAME)";
				VALIDATE_PRODUCT = YES;
				WRAPPER_EXTENSION = app;
			};
			name = Release;
		};
/* End XCBuildConfiguration section */

/* Begin XCConfigurationList section */
		DBEEB14816EFF4C000B2B426 /* Build configuration list for PBXProject "ReColoredSprite" */ = {
			isa = XCConfigurationList;
			buildConfigurations = (
				DBEEB2D916EFF4C300B2B426 /* Debug */,
				DBEEB2DA16EFF4C300B2B426 /* Release */,
			);
			defaultConfigurationIsVisible = 0;
			defaultConfigurationName = Release;
		};
		DBEEB2DB16EFF4C300B2B426 /* Build configuration list for PBXNativeTarget "ReColoredSprite" */ = {
			isa = XCConfigurationList;
			buildConfigurations = (
				DBEEB2DC16EFF4C300B2B426 /* Debug */,
				DBEEB2DD16EFF4C300B2B426 /* Release */,
			);
			defaultConfigurationIsVisible = 0;
		};
/* End XCConfigurationList section */
	};
	rootObject = DBEEB14516EFF4C000B2B426 /* Project object */;
}
